// !$*UTF8*$!
{
	archiveVersion = 1;
	classes = {
	};
	objectVersion = 77;
	objects = {

/* Begin PBXBuildFile section */
		5601592C2CF3172B00872662 /* RobotoFlex-VariableFont.ttf in Resources */ = {isa = PBXBuildFile; fileRef = 5601592B2CF3172B00872662 /* RobotoFlex-VariableFont.ttf */; };
		5601592E2CF3175E00872662 /* RobotoFontName.swift in Sources */ = {isa = PBXBuildFile; fileRef = 5601592D2CF3175C00872662 /* RobotoFontName.swift */; };
		560159302CF319A700872662 /* UILabel+.swift in Sources */ = {isa = PBXBuildFile; fileRef = 5601592F2CF319A300872662 /* UILabel+.swift */; };
		560159422CF32F5900872662 /* UIButton+.swift in Sources */ = {isa = PBXBuildFile; fileRef = 560159412CF32F5300872662 /* UIButton+.swift */; };
		56018C9B2CEC9AE000AC8ED5 /* MainCollectionHeaderView.swift in Sources */ = {isa = PBXBuildFile; fileRef = 56018C9A2CEC9ACF00AC8ED5 /* MainCollectionHeaderView.swift */; };
		56018CA22CECB1C400AC8ED5 /* MainSceneViewController.swift in Sources */ = {isa = PBXBuildFile; fileRef = 56018CA12CECB1C400AC8ED5 /* MainSceneViewController.swift */; };
		56018CA42CECC41000AC8ED5 /* Date+.swift in Sources */ = {isa = PBXBuildFile; fileRef = 56018CA32CECC3FA00AC8ED5 /* Date+.swift */; };
		562447072D33975B000E94A0 /* FullScreenReviewImageViewController.swift in Sources */ = {isa = PBXBuildFile; fileRef = 562447062D33975B000E94A0 /* FullScreenReviewImageViewController.swift */; };
		562447162D33B65D000E94A0 /* ReviewCollectionViewCellDelegate.swift in Sources */ = {isa = PBXBuildFile; fileRef = 562447152D33B65A000E94A0 /* ReviewCollectionViewCellDelegate.swift */; };
		563482FE2D2240B8001646B5 /* PopupTitleCollectionViewCell.swift in Sources */ = {isa = PBXBuildFile; fileRef = 563482FD2D2240B8001646B5 /* PopupTitleCollectionViewCell.swift */; };
		563483002D2248DB001646B5 /* PopupInfoReviewSegmentHeaderView.swift in Sources */ = {isa = PBXBuildFile; fileRef = 563482FF2D2248DB001646B5 /* PopupInfoReviewSegmentHeaderView.swift */; };
		563483032D224CF2001646B5 /* CarouselHeaderView.swift in Sources */ = {isa = PBXBuildFile; fileRef = 563483022D224CF2001646B5 /* CarouselHeaderView.swift */; };
		563483052D2274CB001646B5 /* PopupInformation.swift in Sources */ = {isa = PBXBuildFile; fileRef = 563483042D22747B001646B5 /* PopupInformation.swift */; };
		56381C2A2D193CEE00F4F715 /* MainCarouselPickHeaderView.swift in Sources */ = {isa = PBXBuildFile; fileRef = 56381C292D193CEE00F4F715 /* MainCarouselPickHeaderView.swift */; };
		564524E22D240BBA00B05355 /* StarRatingView.swift in Sources */ = {isa = PBXBuildFile; fileRef = 564524E12D240BBA00B05355 /* StarRatingView.swift */; };
		5649A5902CEC6F7600D9F4F5 /* ClosingSoonPopupCell.swift in Sources */ = {isa = PBXBuildFile; fileRef = 5649A58F2CEC6F7600D9F4F5 /* ClosingSoonPopupCell.swift */; };
		56537BB12CE0F5290092A292 /* Assets.xcassets in Resources */ = {isa = PBXBuildFile; fileRef = 56537BA82CE0F5290092A292 /* Assets.xcassets */; };
		56537BB32CE0F5290092A292 /* LaunchScreen.storyboard in Resources */ = {isa = PBXBuildFile; fileRef = 56537BAB2CE0F5290092A292 /* LaunchScreen.storyboard */; };
		56537BB52CE0F5290092A292 /* AppDelegate.swift in Sources */ = {isa = PBXBuildFile; fileRef = 56537BA72CE0F5290092A292 /* AppDelegate.swift */; };
		56537BB62CE0F5290092A292 /* SceneDelegate.swift in Sources */ = {isa = PBXBuildFile; fileRef = 56537BAE2CE0F5290092A292 /* SceneDelegate.swift */; };
		56537BB72CE0F5290092A292 /* ViewController.swift in Sources */ = {isa = PBXBuildFile; fileRef = 56537BAF2CE0F5290092A292 /* ViewController.swift */; };
		565C415C2D2028DD0016003A /* MainCollectionTitleHeaderView.swift in Sources */ = {isa = PBXBuildFile; fileRef = 565C415B2D2028DD0016003A /* MainCollectionTitleHeaderView.swift */; };
		565C415F2D2032160016003A /* MainCarouselViewModelProtocol.swift in Sources */ = {isa = PBXBuildFile; fileRef = 565C415E2D20320A0016003A /* MainCarouselViewModelProtocol.swift */; };
		56A061282D21697E00BC92A8 /* PopupDetailInfoCollectionViewCell.swift in Sources */ = {isa = PBXBuildFile; fileRef = 56A061272D21697E00BC92A8 /* PopupDetailInfoCollectionViewCell.swift */; };
		56A0C8472D2A744C005E6C51 /* ReviewCollectionViewCell.swift in Sources */ = {isa = PBXBuildFile; fileRef = 56A0C8462D2A744C005E6C51 /* ReviewCollectionViewCell.swift */; };
		56A0C8492D2A9947005E6C51 /* ReviewImageCollectionViewCell.swift in Sources */ = {isa = PBXBuildFile; fileRef = 56A0C8482D2A9947005E6C51 /* ReviewImageCollectionViewCell.swift */; };
		56A0C8532D2AB2F2005E6C51 /* PopupDetailViewModel.swift in Sources */ = {isa = PBXBuildFile; fileRef = 56A0C8522D2AB2E5005E6C51 /* PopupDetailViewModel.swift */; };
		56AA6C0C2CE373A7001952C2 /* .swiftlint.yml in Resources */ = {isa = PBXBuildFile; fileRef = 56AA6C0B2CE373A7001952C2 /* .swiftlint.yml */; };
		56B6D3722D2A5DA600FFB733 /* ReviewSortButtonHeaderView.swift in Sources */ = {isa = PBXBuildFile; fileRef = 56B6D3712D2A5DA600FFB733 /* ReviewSortButtonHeaderView.swift */; };
		56C5DDBA2CE79AC90090D3A2 /* MainCarouselView.swift in Sources */ = {isa = PBXBuildFile; fileRef = 56C5DDB92CE799780090D3A2 /* MainCarouselView.swift */; };
		56C5DDBC2CE875990090D3A2 /* MainCarouselCollectionViewCell.swift in Sources */ = {isa = PBXBuildFile; fileRef = 56C5DDBB2CE875990090D3A2 /* MainCarouselCollectionViewCell.swift */; };
		56C5DDBF2CE87C0E0090D3A2 /* Reusable.swift in Sources */ = {isa = PBXBuildFile; fileRef = 56C5DDBE2CE87BE80090D3A2 /* Reusable.swift */; };
		56C5DDD52CE9C1E40090D3A2 /* PopupPreview.swift in Sources */ = {isa = PBXBuildFile; fileRef = 56C5DDD42CE9C1B60090D3A2 /* PopupPreview.swift */; };
		56C5DDD92CE9C2780090D3A2 /* UserInterestPopup.swift in Sources */ = {isa = PBXBuildFile; fileRef = 56C5DDD82CE9C2700090D3A2 /* UserInterestPopup.swift */; };
		56C98C712CF488960001CFD4 /* PopupDetailViewController.swift in Sources */ = {isa = PBXBuildFile; fileRef = 56C98C702CF488960001CFD4 /* PopupDetailViewController.swift */; };
		56CD3A722CEB83CF00BAC02D /* MainSceneViewModel.swift in Sources */ = {isa = PBXBuildFile; fileRef = 56CD3A702CEB83CF00BAC02D /* MainSceneViewModel.swift */; };
		56CD3A7B2CEB858100BAC02D /* PickOrInterestCell.swift in Sources */ = {isa = PBXBuildFile; fileRef = 56CD3A7A2CEB858100BAC02D /* PickOrInterestCell.swift */; };
		56CD3A7D2CEC31B000BAC02D /* UIView+.swift in Sources */ = {isa = PBXBuildFile; fileRef = 56CD3A7C2CEC314E00BAC02D /* UIView+.swift */; };
		56D68A342D23FBB700EA1404 /* RatingDistributionView.swift in Sources */ = {isa = PBXBuildFile; fileRef = 56D68A332D23FBB700EA1404 /* RatingDistributionView.swift */; };
		56D68A362D2409DB00EA1404 /* PopupRatingCollectionViewCell.swift in Sources */ = {isa = PBXBuildFile; fileRef = 56D68A352D2409DB00EA1404 /* PopupRatingCollectionViewCell.swift */; };
		BC29A50E2D2EA5DF0059A5C5 /* KakaoSDKAuth in Frameworks */ = {isa = PBXBuildFile; productRef = BC29A50D2D2EA5DE0059A5C5 /* KakaoSDKAuth */; };
		BC29A5102D2EA5DF0059A5C5 /* KakaoSDKCommon in Frameworks */ = {isa = PBXBuildFile; productRef = BC29A50F2D2EA5DF0059A5C5 /* KakaoSDKCommon */; };
		BC29A5122D2EA5DF0059A5C5 /* KakaoSDKUser in Frameworks */ = {isa = PBXBuildFile; productRef = BC29A5112D2EA5DF0059A5C5 /* KakaoSDKUser */; };
		BC2D11622CEC5DF60030F4E0 /* LoginView.swift in Sources */ = {isa = PBXBuildFile; fileRef = BC2D11612CEC5DF60030F4E0 /* LoginView.swift */; };
		BC3201AB2D2CFC6900B73A14 /* ProfileImageCell.swift in Sources */ = {isa = PBXBuildFile; fileRef = BC3201AA2D2CFC6900B73A14 /* ProfileImageCell.swift */; };
		BC3201AE2D2D66DA00B73A14 /* ProfileImageColor.swift in Sources */ = {isa = PBXBuildFile; fileRef = BC3201AD2D2D66DA00B73A14 /* ProfileImageColor.swift */; };
		BC55FE862D2AC8F100E269B6 /* ProfileImagePickerViewController.swift in Sources */ = {isa = PBXBuildFile; fileRef = BC55FE852D2AC8F100E269B6 /* ProfileImagePickerViewController.swift */; };
		BC55FE882D2AD51000E269B6 /* ProfileImagePickerView.swift in Sources */ = {isa = PBXBuildFile; fileRef = BC55FE872D2AD51000E269B6 /* ProfileImagePickerView.swift */; };
		BC7420F82CE2395600BEED0A /* HttpMethod.swift in Sources */ = {isa = PBXBuildFile; fileRef = BC7420F72CE2391400BEED0A /* HttpMethod.swift */; };
		BC7420FA2CE23A9500BEED0A /* Requestable.swift in Sources */ = {isa = PBXBuildFile; fileRef = BC7420F92CE23A8A00BEED0A /* Requestable.swift */; };
		BC7420FC2CE23B9600BEED0A /* Request.swift in Sources */ = {isa = PBXBuildFile; fileRef = BC7420FB2CE23B9200BEED0A /* Request.swift */; };
		BC7420FE2CE23FD700BEED0A /* NetworkError.swift in Sources */ = {isa = PBXBuildFile; fileRef = BC7420FD2CE23FCC00BEED0A /* NetworkError.swift */; };
		BC8113722CF5ECC800F82331 /* SignUpSecondView.swift in Sources */ = {isa = PBXBuildFile; fileRef = BC8113712CF5ECC800F82331 /* SignUpSecondView.swift */; };
		BC8113762CF6221400F82331 /* SignUpAgreeButton.swift in Sources */ = {isa = PBXBuildFile; fileRef = BC8113752CF6221400F82331 /* SignUpAgreeButton.swift */; };
		BC90A0522CF4A6EA003488F0 /* UIResponder+.swift in Sources */ = {isa = PBXBuildFile; fileRef = BC90A0512CF4A6EA003488F0 /* UIResponder+.swift */; };
		BC90A0B82CF4CC9A003488F0 /* SignUpInterestButton.swift in Sources */ = {isa = PBXBuildFile; fileRef = BC90A0B72CF4CC9A003488F0 /* SignUpInterestButton.swift */; };
		BC90A0BC2CF4CF53003488F0 /* SignUpSecondViewController.swift in Sources */ = {isa = PBXBuildFile; fileRef = BC90A0BB2CF4CF53003488F0 /* SignUpSecondViewController.swift */; };
		BC9BF2012CECC52000AEE534 /* LoginViewController.swift in Sources */ = {isa = PBXBuildFile; fileRef = BC9BF2002CECC52000AEE534 /* LoginViewController.swift */; };
		BCC45D1A2CEB9A980045DC57 /* LoginTextField.swift in Sources */ = {isa = PBXBuildFile; fileRef = BCC45D192CEB9A980045DC57 /* LoginTextField.swift */; };
		BCD2DFFB2D298A5C000ED875 /* CompleteResetPwView.swift in Sources */ = {isa = PBXBuildFile; fileRef = BCD2DFFA2D298A5C000ED875 /* CompleteResetPwView.swift */; };
		BCD2DFFD2D298D10000ED875 /* CompleteResetPwViewController.swift in Sources */ = {isa = PBXBuildFile; fileRef = BCD2DFFC2D298D10000ED875 /* CompleteResetPwViewController.swift */; };
		BCE6E5F82CF31F1A0036BAF6 /* SignUpTextField.swift in Sources */ = {isa = PBXBuildFile; fileRef = BCE6E5F72CF31F1A0036BAF6 /* SignUpTextField.swift */; };
		BCE6E5FC2CF321080036BAF6 /* SignUpFieldStackView.swift in Sources */ = {isa = PBXBuildFile; fileRef = BCE6E5FB2CF321080036BAF6 /* SignUpFieldStackView.swift */; };
		BCE6E6002CF321AE0036BAF6 /* SignUpFirstView.swift in Sources */ = {isa = PBXBuildFile; fileRef = BCE6E5FF2CF321AE0036BAF6 /* SignUpFirstView.swift */; };
		BCE6E6032CF323570036BAF6 /* SignUpFirstViewController.swift in Sources */ = {isa = PBXBuildFile; fileRef = BCE6E6022CF323570036BAF6 /* SignUpFirstViewController.swift */; };
		BCE6E60A2CF378DF0036BAF6 /* SignUpLabel.swift in Sources */ = {isa = PBXBuildFile; fileRef = BCE6E5F92CF320100036BAF6 /* SignUpLabel.swift */; };
		BCE8FA2D2D2271F900A7B8E2 /* FindIdPwTextField.swift in Sources */ = {isa = PBXBuildFile; fileRef = BCE8FA2C2D2271F900A7B8E2 /* FindIdPwTextField.swift */; };
		BCE8FA322D2272EB00A7B8E2 /* FindIdPwView.swift in Sources */ = {isa = PBXBuildFile; fileRef = BCE8FA312D2272EB00A7B8E2 /* FindIdPwView.swift */; };
		BCE8FA342D2272F600A7B8E2 /* FindIdPwViewController.swift in Sources */ = {isa = PBXBuildFile; fileRef = BCE8FA332D2272F600A7B8E2 /* FindIdPwViewController.swift */; };
		BCE8FA362D227CE000A7B8E2 /* CompleteFindIdView.swift in Sources */ = {isa = PBXBuildFile; fileRef = BCE8FA352D227CE000A7B8E2 /* CompleteFindIdView.swift */; };
		BCE8FA382D227CF100A7B8E2 /* CompleteFindIdViewController.swift in Sources */ = {isa = PBXBuildFile; fileRef = BCE8FA372D227CF100A7B8E2 /* CompleteFindIdViewController.swift */; };
		BCE8FA542D228C4900A7B8E2 /* ResetPwView.swift in Sources */ = {isa = PBXBuildFile; fileRef = BCE8FA532D228C4900A7B8E2 /* ResetPwView.swift */; };
		BCE8FA562D228C5400A7B8E2 /* ResetPwViewController.swift in Sources */ = {isa = PBXBuildFile; fileRef = BCE8FA552D228C5400A7B8E2 /* ResetPwViewController.swift */; };
		BCF6ED342D33D5420038CCAE /* LoginManager.swift in Sources */ = {isa = PBXBuildFile; fileRef = BCF6ED332D33D5420038CCAE /* LoginManager.swift */; };
		BCF6ED392D33DF530038CCAE /* LoginResponse.swift in Sources */ = {isa = PBXBuildFile; fileRef = BCF6ED382D33DF530038CCAE /* LoginResponse.swift */; };
/* End PBXBuildFile section */

/* Begin PBXContainerItemProxy section */
		56537B8A2CE0F5110092A292 /* PBXContainerItemProxy */ = {
			isa = PBXContainerItemProxy;
			containerPortal = 56537B6B2CE0F5100092A292 /* Project object */;
			proxyType = 1;
			remoteGlobalIDString = 56537B722CE0F5100092A292;
			remoteInfo = "Popcorn-iOS";
		};
/* End PBXContainerItemProxy section */

/* Begin PBXFileReference section */
		5601592B2CF3172B00872662 /* RobotoFlex-VariableFont.ttf */ = {isa = PBXFileReference; lastKnownFileType = file; path = "RobotoFlex-VariableFont.ttf"; sourceTree = "<group>"; };
		5601592D2CF3175C00872662 /* RobotoFontName.swift */ = {isa = PBXFileReference; lastKnownFileType = sourcecode.swift; path = RobotoFontName.swift; sourceTree = "<group>"; };
		5601592F2CF319A300872662 /* UILabel+.swift */ = {isa = PBXFileReference; lastKnownFileType = sourcecode.swift; path = "UILabel+.swift"; sourceTree = "<group>"; };
		560159412CF32F5300872662 /* UIButton+.swift */ = {isa = PBXFileReference; lastKnownFileType = sourcecode.swift; path = "UIButton+.swift"; sourceTree = "<group>"; };
		56018C9A2CEC9ACF00AC8ED5 /* MainCollectionHeaderView.swift */ = {isa = PBXFileReference; lastKnownFileType = sourcecode.swift; path = MainCollectionHeaderView.swift; sourceTree = "<group>"; };
		56018CA12CECB1C400AC8ED5 /* MainSceneViewController.swift */ = {isa = PBXFileReference; lastKnownFileType = sourcecode.swift; path = MainSceneViewController.swift; sourceTree = "<group>"; };
		56018CA32CECC3FA00AC8ED5 /* Date+.swift */ = {isa = PBXFileReference; lastKnownFileType = sourcecode.swift; path = "Date+.swift"; sourceTree = "<group>"; };
		562447062D33975B000E94A0 /* FullScreenReviewImageViewController.swift */ = {isa = PBXFileReference; lastKnownFileType = sourcecode.swift; path = FullScreenReviewImageViewController.swift; sourceTree = "<group>"; };
		562447152D33B65A000E94A0 /* ReviewCollectionViewCellDelegate.swift */ = {isa = PBXFileReference; lastKnownFileType = sourcecode.swift; path = ReviewCollectionViewCellDelegate.swift; sourceTree = "<group>"; };
		563482FD2D2240B8001646B5 /* PopupTitleCollectionViewCell.swift */ = {isa = PBXFileReference; lastKnownFileType = sourcecode.swift; path = PopupTitleCollectionViewCell.swift; sourceTree = "<group>"; };
		563482FF2D2248DB001646B5 /* PopupInfoReviewSegmentHeaderView.swift */ = {isa = PBXFileReference; lastKnownFileType = sourcecode.swift; path = PopupInfoReviewSegmentHeaderView.swift; sourceTree = "<group>"; };
		563483022D224CF2001646B5 /* CarouselHeaderView.swift */ = {isa = PBXFileReference; lastKnownFileType = sourcecode.swift; path = CarouselHeaderView.swift; sourceTree = "<group>"; };
		563483042D22747B001646B5 /* PopupInformation.swift */ = {isa = PBXFileReference; lastKnownFileType = sourcecode.swift; path = PopupInformation.swift; sourceTree = "<group>"; };
		56381C292D193CEE00F4F715 /* MainCarouselPickHeaderView.swift */ = {isa = PBXFileReference; lastKnownFileType = sourcecode.swift; path = MainCarouselPickHeaderView.swift; sourceTree = "<group>"; };
		564524E12D240BBA00B05355 /* StarRatingView.swift */ = {isa = PBXFileReference; lastKnownFileType = sourcecode.swift; path = StarRatingView.swift; sourceTree = "<group>"; };
		5649A58F2CEC6F7600D9F4F5 /* ClosingSoonPopupCell.swift */ = {isa = PBXFileReference; lastKnownFileType = sourcecode.swift; path = ClosingSoonPopupCell.swift; sourceTree = "<group>"; };
		56537B732CE0F5100092A292 /* Popcorn-iOS.app */ = {isa = PBXFileReference; explicitFileType = wrapper.application; includeInIndex = 0; path = "Popcorn-iOS.app"; sourceTree = BUILT_PRODUCTS_DIR; };
		56537B892CE0F5110092A292 /* Popcorn-iOSTests.xctest */ = {isa = PBXFileReference; explicitFileType = wrapper.cfbundle; includeInIndex = 0; path = "Popcorn-iOSTests.xctest"; sourceTree = BUILT_PRODUCTS_DIR; };
		56537BA72CE0F5290092A292 /* AppDelegate.swift */ = {isa = PBXFileReference; lastKnownFileType = sourcecode.swift; path = AppDelegate.swift; sourceTree = "<group>"; };
		56537BA82CE0F5290092A292 /* Assets.xcassets */ = {isa = PBXFileReference; lastKnownFileType = folder.assetcatalog; path = Assets.xcassets; sourceTree = "<group>"; };
		56537BA92CE0F5290092A292 /* Info.plist */ = {isa = PBXFileReference; lastKnownFileType = text.plist.xml; path = Info.plist; sourceTree = "<group>"; };
		56537BAA2CE0F5290092A292 /* Base */ = {isa = PBXFileReference; lastKnownFileType = file.storyboard; name = Base; path = Base.lproj/LaunchScreen.storyboard; sourceTree = "<group>"; };
		56537BAE2CE0F5290092A292 /* SceneDelegate.swift */ = {isa = PBXFileReference; lastKnownFileType = sourcecode.swift; path = SceneDelegate.swift; sourceTree = "<group>"; };
		56537BAF2CE0F5290092A292 /* ViewController.swift */ = {isa = PBXFileReference; lastKnownFileType = sourcecode.swift; path = ViewController.swift; sourceTree = "<group>"; };
		565C415B2D2028DD0016003A /* MainCollectionTitleHeaderView.swift */ = {isa = PBXFileReference; lastKnownFileType = sourcecode.swift; path = MainCollectionTitleHeaderView.swift; sourceTree = "<group>"; };
		565C415E2D20320A0016003A /* MainCarouselViewModelProtocol.swift */ = {isa = PBXFileReference; lastKnownFileType = sourcecode.swift; path = MainCarouselViewModelProtocol.swift; sourceTree = "<group>"; };
		56A061272D21697E00BC92A8 /* PopupDetailInfoCollectionViewCell.swift */ = {isa = PBXFileReference; lastKnownFileType = sourcecode.swift; path = PopupDetailInfoCollectionViewCell.swift; sourceTree = "<group>"; };
		56A0C8462D2A744C005E6C51 /* ReviewCollectionViewCell.swift */ = {isa = PBXFileReference; lastKnownFileType = sourcecode.swift; path = ReviewCollectionViewCell.swift; sourceTree = "<group>"; };
		56A0C8482D2A9947005E6C51 /* ReviewImageCollectionViewCell.swift */ = {isa = PBXFileReference; lastKnownFileType = sourcecode.swift; path = ReviewImageCollectionViewCell.swift; sourceTree = "<group>"; };
		56A0C8522D2AB2E5005E6C51 /* PopupDetailViewModel.swift */ = {isa = PBXFileReference; lastKnownFileType = sourcecode.swift; path = PopupDetailViewModel.swift; sourceTree = "<group>"; };
		56AA6C0B2CE373A7001952C2 /* .swiftlint.yml */ = {isa = PBXFileReference; lastKnownFileType = text.yaml; path = .swiftlint.yml; sourceTree = "<group>"; };
		56B6D3712D2A5DA600FFB733 /* ReviewSortButtonHeaderView.swift */ = {isa = PBXFileReference; lastKnownFileType = sourcecode.swift; path = ReviewSortButtonHeaderView.swift; sourceTree = "<group>"; };
		56C5DDB92CE799780090D3A2 /* MainCarouselView.swift */ = {isa = PBXFileReference; lastKnownFileType = sourcecode.swift; path = MainCarouselView.swift; sourceTree = "<group>"; };
		56C5DDBB2CE875990090D3A2 /* MainCarouselCollectionViewCell.swift */ = {isa = PBXFileReference; lastKnownFileType = sourcecode.swift; path = MainCarouselCollectionViewCell.swift; sourceTree = "<group>"; };
		56C5DDBE2CE87BE80090D3A2 /* Reusable.swift */ = {isa = PBXFileReference; lastKnownFileType = sourcecode.swift; path = Reusable.swift; sourceTree = "<group>"; };
		56C5DDD42CE9C1B60090D3A2 /* PopupPreview.swift */ = {isa = PBXFileReference; lastKnownFileType = sourcecode.swift; path = PopupPreview.swift; sourceTree = "<group>"; };
		56C5DDD82CE9C2700090D3A2 /* UserInterestPopup.swift */ = {isa = PBXFileReference; lastKnownFileType = sourcecode.swift; path = UserInterestPopup.swift; sourceTree = "<group>"; };
		56C98C702CF488960001CFD4 /* PopupDetailViewController.swift */ = {isa = PBXFileReference; lastKnownFileType = sourcecode.swift; path = PopupDetailViewController.swift; sourceTree = "<group>"; };
		56CD3A702CEB83CF00BAC02D /* MainSceneViewModel.swift */ = {isa = PBXFileReference; lastKnownFileType = sourcecode.swift; path = MainSceneViewModel.swift; sourceTree = "<group>"; };
		56CD3A7A2CEB858100BAC02D /* PickOrInterestCell.swift */ = {isa = PBXFileReference; lastKnownFileType = sourcecode.swift; path = PickOrInterestCell.swift; sourceTree = "<group>"; };
		56CD3A7C2CEC314E00BAC02D /* UIView+.swift */ = {isa = PBXFileReference; lastKnownFileType = sourcecode.swift; path = "UIView+.swift"; sourceTree = "<group>"; };
		56D68A332D23FBB700EA1404 /* RatingDistributionView.swift */ = {isa = PBXFileReference; lastKnownFileType = sourcecode.swift; path = RatingDistributionView.swift; sourceTree = "<group>"; };
		56D68A352D2409DB00EA1404 /* PopupRatingCollectionViewCell.swift */ = {isa = PBXFileReference; lastKnownFileType = sourcecode.swift; path = PopupRatingCollectionViewCell.swift; sourceTree = "<group>"; };
		BC2D11612CEC5DF60030F4E0 /* LoginView.swift */ = {isa = PBXFileReference; lastKnownFileType = sourcecode.swift; path = LoginView.swift; sourceTree = "<group>"; };
		BC3201AA2D2CFC6900B73A14 /* ProfileImageCell.swift */ = {isa = PBXFileReference; lastKnownFileType = sourcecode.swift; path = ProfileImageCell.swift; sourceTree = "<group>"; };
		BC3201AD2D2D66DA00B73A14 /* ProfileImageColor.swift */ = {isa = PBXFileReference; lastKnownFileType = sourcecode.swift; path = ProfileImageColor.swift; sourceTree = "<group>"; };
		BC55FE852D2AC8F100E269B6 /* ProfileImagePickerViewController.swift */ = {isa = PBXFileReference; lastKnownFileType = sourcecode.swift; path = ProfileImagePickerViewController.swift; sourceTree = "<group>"; };
		BC55FE872D2AD51000E269B6 /* ProfileImagePickerView.swift */ = {isa = PBXFileReference; lastKnownFileType = sourcecode.swift; path = ProfileImagePickerView.swift; sourceTree = "<group>"; };
		BC7420F72CE2391400BEED0A /* HttpMethod.swift */ = {isa = PBXFileReference; lastKnownFileType = sourcecode.swift; path = HttpMethod.swift; sourceTree = "<group>"; };
		BC7420F92CE23A8A00BEED0A /* Requestable.swift */ = {isa = PBXFileReference; lastKnownFileType = sourcecode.swift; path = Requestable.swift; sourceTree = "<group>"; };
		BC7420FB2CE23B9200BEED0A /* Request.swift */ = {isa = PBXFileReference; lastKnownFileType = sourcecode.swift; path = Request.swift; sourceTree = "<group>"; };
		BC7420FD2CE23FCC00BEED0A /* NetworkError.swift */ = {isa = PBXFileReference; lastKnownFileType = sourcecode.swift; path = NetworkError.swift; sourceTree = "<group>"; };
		BC8113712CF5ECC800F82331 /* SignUpSecondView.swift */ = {isa = PBXFileReference; lastKnownFileType = sourcecode.swift; path = SignUpSecondView.swift; sourceTree = "<group>"; };
		BC8113752CF6221400F82331 /* SignUpAgreeButton.swift */ = {isa = PBXFileReference; lastKnownFileType = sourcecode.swift; path = SignUpAgreeButton.swift; sourceTree = "<group>"; };
		BC90A0512CF4A6EA003488F0 /* UIResponder+.swift */ = {isa = PBXFileReference; lastKnownFileType = sourcecode.swift; path = "UIResponder+.swift"; sourceTree = "<group>"; };
		BC90A0B72CF4CC9A003488F0 /* SignUpInterestButton.swift */ = {isa = PBXFileReference; lastKnownFileType = sourcecode.swift; path = SignUpInterestButton.swift; sourceTree = "<group>"; };
		BC90A0BB2CF4CF53003488F0 /* SignUpSecondViewController.swift */ = {isa = PBXFileReference; lastKnownFileType = sourcecode.swift; path = SignUpSecondViewController.swift; sourceTree = "<group>"; };
		BC9BF2002CECC52000AEE534 /* LoginViewController.swift */ = {isa = PBXFileReference; lastKnownFileType = sourcecode.swift; path = LoginViewController.swift; sourceTree = "<group>"; };
		BCC45D192CEB9A980045DC57 /* LoginTextField.swift */ = {isa = PBXFileReference; lastKnownFileType = sourcecode.swift; path = LoginTextField.swift; sourceTree = "<group>"; };
		BCD2DFFA2D298A5C000ED875 /* CompleteResetPwView.swift */ = {isa = PBXFileReference; lastKnownFileType = sourcecode.swift; path = CompleteResetPwView.swift; sourceTree = "<group>"; };
		BCD2DFFC2D298D10000ED875 /* CompleteResetPwViewController.swift */ = {isa = PBXFileReference; lastKnownFileType = sourcecode.swift; path = CompleteResetPwViewController.swift; sourceTree = "<group>"; };
		BCE6E5F72CF31F1A0036BAF6 /* SignUpTextField.swift */ = {isa = PBXFileReference; lastKnownFileType = sourcecode.swift; path = SignUpTextField.swift; sourceTree = "<group>"; };
		BCE6E5F92CF320100036BAF6 /* SignUpLabel.swift */ = {isa = PBXFileReference; lastKnownFileType = sourcecode.swift; path = SignUpLabel.swift; sourceTree = "<group>"; };
		BCE6E5FB2CF321080036BAF6 /* SignUpFieldStackView.swift */ = {isa = PBXFileReference; lastKnownFileType = sourcecode.swift; path = SignUpFieldStackView.swift; sourceTree = "<group>"; };
		BCE6E5FF2CF321AE0036BAF6 /* SignUpFirstView.swift */ = {isa = PBXFileReference; lastKnownFileType = sourcecode.swift; path = SignUpFirstView.swift; sourceTree = "<group>"; };
		BCE6E6022CF323570036BAF6 /* SignUpFirstViewController.swift */ = {isa = PBXFileReference; lastKnownFileType = sourcecode.swift; path = SignUpFirstViewController.swift; sourceTree = "<group>"; };
		BCE8FA2C2D2271F900A7B8E2 /* FindIdPwTextField.swift */ = {isa = PBXFileReference; lastKnownFileType = sourcecode.swift; path = FindIdPwTextField.swift; sourceTree = "<group>"; };
		BCE8FA312D2272EB00A7B8E2 /* FindIdPwView.swift */ = {isa = PBXFileReference; lastKnownFileType = sourcecode.swift; path = FindIdPwView.swift; sourceTree = "<group>"; };
		BCE8FA332D2272F600A7B8E2 /* FindIdPwViewController.swift */ = {isa = PBXFileReference; lastKnownFileType = sourcecode.swift; path = FindIdPwViewController.swift; sourceTree = "<group>"; };
		BCE8FA352D227CE000A7B8E2 /* CompleteFindIdView.swift */ = {isa = PBXFileReference; lastKnownFileType = sourcecode.swift; path = CompleteFindIdView.swift; sourceTree = "<group>"; };
		BCE8FA372D227CF100A7B8E2 /* CompleteFindIdViewController.swift */ = {isa = PBXFileReference; lastKnownFileType = sourcecode.swift; path = CompleteFindIdViewController.swift; sourceTree = "<group>"; };
		BCE8FA532D228C4900A7B8E2 /* ResetPwView.swift */ = {isa = PBXFileReference; lastKnownFileType = sourcecode.swift; path = ResetPwView.swift; sourceTree = "<group>"; };
		BCE8FA552D228C5400A7B8E2 /* ResetPwViewController.swift */ = {isa = PBXFileReference; lastKnownFileType = sourcecode.swift; path = ResetPwViewController.swift; sourceTree = "<group>"; };
		BCF6ED332D33D5420038CCAE /* LoginManager.swift */ = {isa = PBXFileReference; lastKnownFileType = sourcecode.swift; path = LoginManager.swift; sourceTree = "<group>"; };
		BCF6ED382D33DF530038CCAE /* LoginResponse.swift */ = {isa = PBXFileReference; lastKnownFileType = sourcecode.swift; path = LoginResponse.swift; sourceTree = "<group>"; };
/* End PBXFileReference section */

/* Begin PBXFileSystemSynchronizedRootGroup section */
		56537B8C2CE0F5110092A292 /* Popcorn-iOSTests */ = {
			isa = PBXFileSystemSynchronizedRootGroup;
			path = "Popcorn-iOSTests";
			sourceTree = "<group>";
		};
/* End PBXFileSystemSynchronizedRootGroup section */

/* Begin PBXFrameworksBuildPhase section */
		56537B702CE0F5100092A292 /* Frameworks */ = {
			isa = PBXFrameworksBuildPhase;
			buildActionMask = 2147483647;
			files = (
				BC29A5102D2EA5DF0059A5C5 /* KakaoSDKCommon in Frameworks */,
				BC29A50E2D2EA5DF0059A5C5 /* KakaoSDKAuth in Frameworks */,
				BC29A5122D2EA5DF0059A5C5 /* KakaoSDKUser in Frameworks */,
			);
			runOnlyForDeploymentPostprocessing = 0;
		};
		56537B862CE0F5110092A292 /* Frameworks */ = {
			isa = PBXFrameworksBuildPhase;
			buildActionMask = 2147483647;
			files = (
			);
			runOnlyForDeploymentPostprocessing = 0;
		};
/* End PBXFrameworksBuildPhase section */

/* Begin PBXGroup section */
		5601592A2CF3170A00872662 /* Fonts */ = {
			isa = PBXGroup;
			children = (
				5601592B2CF3172B00872662 /* RobotoFlex-VariableFont.ttf */,
			);
			path = Fonts;
			sourceTree = "<group>";
		};
		562447132D33B651000E94A0 /* Protocol */ = {
			isa = PBXGroup;
			children = (
				562447142D33B657000E94A0 /* Delegate */,
			);
			path = Protocol;
			sourceTree = "<group>";
		};
		562447142D33B657000E94A0 /* Delegate */ = {
			isa = PBXGroup;
			children = (
				562447152D33B65A000E94A0 /* ReviewCollectionViewCellDelegate.swift */,
			);
			path = Delegate;
			sourceTree = "<group>";
		};
		563482F72D223F90001646B5 /* PopupDetailView */ = {
			isa = PBXGroup;
			children = (
				563482F92D223FFE001646B5 /* ReusableView */,
				56C98C702CF488960001CFD4 /* PopupDetailViewController.swift */,
				562447062D33975B000E94A0 /* FullScreenReviewImageViewController.swift */,
				56D68A332D23FBB700EA1404 /* RatingDistributionView.swift */,
				564524E12D240BBA00B05355 /* StarRatingView.swift */,
			);
			path = PopupDetailView;
			sourceTree = "<group>";
		};
		563482F92D223FFE001646B5 /* ReusableView */ = {
			isa = PBXGroup;
			children = (
				563482FD2D2240B8001646B5 /* PopupTitleCollectionViewCell.swift */,
				56A061272D21697E00BC92A8 /* PopupDetailInfoCollectionViewCell.swift */,
				56D68A352D2409DB00EA1404 /* PopupRatingCollectionViewCell.swift */,
				56A0C8462D2A744C005E6C51 /* ReviewCollectionViewCell.swift */,
				563483022D224CF2001646B5 /* CarouselHeaderView.swift */,
				563482FF2D2248DB001646B5 /* PopupInfoReviewSegmentHeaderView.swift */,
				56B6D3712D2A5DA600FFB733 /* ReviewSortButtonHeaderView.swift */,
				56A0C8482D2A9947005E6C51 /* ReviewImageCollectionViewCell.swift */,
			);
			path = ReusableView;
			sourceTree = "<group>";
		};
		56537B6A2CE0F5100092A292 = {
			isa = PBXGroup;
			children = (
				56AA6C0B2CE373A7001952C2 /* .swiftlint.yml */,
				56537BB02CE0F5290092A292 /* Popcorn-iOS */,
				56537B8C2CE0F5110092A292 /* Popcorn-iOSTests */,
				56537B742CE0F5100092A292 /* Products */,
			);
			sourceTree = "<group>";
		};
		56537B742CE0F5100092A292 /* Products */ = {
			isa = PBXGroup;
			children = (
				56537B732CE0F5100092A292 /* Popcorn-iOS.app */,
				56537B892CE0F5110092A292 /* Popcorn-iOSTests.xctest */,
			);
			name = Products;
			sourceTree = "<group>";
		};
		56537BB02CE0F5290092A292 /* Popcorn-iOS */ = {
			isa = PBXGroup;
			children = (
				56537BB82CE0F52B0092A292 /* Source */,
				56537BB92CE0F5320092A292 /* Resource */,
			);
			path = "Popcorn-iOS";
			sourceTree = "<group>";
		};
		56537BB82CE0F52B0092A292 /* Source */ = {
			isa = PBXGroup;
			children = (
				56C5DDC92CE9AE1F0090D3A2 /* Domain */,
				56C5DDBD2CE87BA80090D3A2 /* Util */,
				56C5DDB72CE797FB0090D3A2 /* Presentation */,
				BC7420F12CE22CFE00BEED0A /* Network */,
				56537BBA2CE0F5370092A292 /* Application */,
			);
			path = Source;
			sourceTree = "<group>";
		};
		56537BB92CE0F5320092A292 /* Resource */ = {
			isa = PBXGroup;
			children = (
				5601592A2CF3170A00872662 /* Fonts */,
				56537BA92CE0F5290092A292 /* Info.plist */,
				56537BAB2CE0F5290092A292 /* LaunchScreen.storyboard */,
				56537BA82CE0F5290092A292 /* Assets.xcassets */,
			);
			path = Resource;
			sourceTree = "<group>";
		};
		56537BBA2CE0F5370092A292 /* Application */ = {
			isa = PBXGroup;
			children = (
				56537BAF2CE0F5290092A292 /* ViewController.swift */,
				56537BAE2CE0F5290092A292 /* SceneDelegate.swift */,
				56537BA72CE0F5290092A292 /* AppDelegate.swift */,
			);
			path = Application;
			sourceTree = "<group>";
		};
		565C415D2D202BA40016003A /* ReusableView */ = {
			isa = PBXGroup;
			children = (
				56018C9A2CEC9ACF00AC8ED5 /* MainCollectionHeaderView.swift */,
				56CD3A7A2CEB858100BAC02D /* PickOrInterestCell.swift */,
				5649A58F2CEC6F7600D9F4F5 /* ClosingSoonPopupCell.swift */,
				56381C292D193CEE00F4F715 /* MainCarouselPickHeaderView.swift */,
				565C415B2D2028DD0016003A /* MainCollectionTitleHeaderView.swift */,
			);
			path = ReusableView;
			sourceTree = "<group>";
		};
		56C5DDB72CE797FB0090D3A2 /* Presentation */ = {
			isa = PBXGroup;
			children = (
				BCE8FA292D2271C800A7B8E2 /* FindIdPw */,
				BCE6E5F02CF31EBC0036BAF6 /* SignUp */,
				BCC45D162CEB9A790045DC57 /* Login */,
				56C5DDB82CE7989E0090D3A2 /* Main */,
			);
			path = Presentation;
			sourceTree = "<group>";
		};
		56C5DDB82CE7989E0090D3A2 /* Main */ = {
			isa = PBXGroup;
			children = (
				562447132D33B651000E94A0 /* Protocol */,
				56C5DDC62CE99AC80090D3A2 /* Common */,
				56CD3A732CEB84D500BAC02D /* MainSceneView */,
				563482F72D223F90001646B5 /* PopupDetailView */,
				56CD3A712CEB83CF00BAC02D /* ViewModel */,
			);
			path = Main;
			sourceTree = "<group>";
		};
		56C5DDBD2CE87BA80090D3A2 /* Util */ = {
			isa = PBXGroup;
			children = (
				5601592D2CF3175C00872662 /* RobotoFontName.swift */,
				56CD3A7E2CEC606600BAC02D /* Extensions */,
				56C5DDBE2CE87BE80090D3A2 /* Reusable.swift */,
			);
			path = Util;
			sourceTree = "<group>";
		};
		56C5DDC62CE99AC80090D3A2 /* Common */ = {
			isa = PBXGroup;
			children = (
				56C5DDCB2CE9B1D50090D3A2 /* View */,
			);
			path = Common;
			sourceTree = "<group>";
		};
		56C5DDC92CE9AE1F0090D3A2 /* Domain */ = {
			isa = PBXGroup;
			children = (
				56C5DDCA2CE9B1B70090D3A2 /* Model */,
			);
			path = Domain;
			sourceTree = "<group>";
		};
		56C5DDCA2CE9B1B70090D3A2 /* Model */ = {
			isa = PBXGroup;
			children = (
				56C5DDD32CE9C1B00090D3A2 /* Entities */,
			);
			path = Model;
			sourceTree = "<group>";
		};
		56C5DDCB2CE9B1D50090D3A2 /* View */ = {
			isa = PBXGroup;
			children = (
				56C5DDBB2CE875990090D3A2 /* MainCarouselCollectionViewCell.swift */,
				56C5DDB92CE799780090D3A2 /* MainCarouselView.swift */,
			);
			path = View;
			sourceTree = "<group>";
		};
		56C5DDD32CE9C1B00090D3A2 /* Entities */ = {
			isa = PBXGroup;
			children = (
				563483042D22747B001646B5 /* PopupInformation.swift */,
				56C5DDD42CE9C1B60090D3A2 /* PopupPreview.swift */,
				56C5DDD82CE9C2700090D3A2 /* UserInterestPopup.swift */,
			);
			path = Entities;
			sourceTree = "<group>";
		};
		56CD3A712CEB83CF00BAC02D /* ViewModel */ = {
			isa = PBXGroup;
			children = (
				56A0C8522D2AB2E5005E6C51 /* PopupDetailViewModel.swift */,
				565C415E2D20320A0016003A /* MainCarouselViewModelProtocol.swift */,
				56CD3A702CEB83CF00BAC02D /* MainSceneViewModel.swift */,
			);
			path = ViewModel;
			sourceTree = "<group>";
		};
		56CD3A732CEB84D500BAC02D /* MainSceneView */ = {
			isa = PBXGroup;
			children = (
				565C415D2D202BA40016003A /* ReusableView */,
				56018CA12CECB1C400AC8ED5 /* MainSceneViewController.swift */,
			);
			path = MainSceneView;
			sourceTree = "<group>";
		};
		56CD3A7E2CEC606600BAC02D /* Extensions */ = {
			isa = PBXGroup;
			children = (
				560159412CF32F5300872662 /* UIButton+.swift */,
				5601592F2CF319A300872662 /* UILabel+.swift */,
				56018CA32CECC3FA00AC8ED5 /* Date+.swift */,
				56CD3A7C2CEC314E00BAC02D /* UIView+.swift */,
				BC90A0512CF4A6EA003488F0 /* UIResponder+.swift */,
			);
			path = Extensions;
			sourceTree = "<group>";
		};
		BC2D115E2CEC5DCA0030F4E0 /* LoginScene */ = {
			isa = PBXGroup;
			children = (
				BCF6ED322D33D5230038CCAE /* Models */,
				BC2D11602CEC5DE30030F4E0 /* Controller */,
				BC2D115F2CEC5DDA0030F4E0 /* View */,
			);
			path = LoginScene;
			sourceTree = "<group>";
		};
		BC2D115F2CEC5DDA0030F4E0 /* View */ = {
			isa = PBXGroup;
			children = (
				BC2D11612CEC5DF60030F4E0 /* LoginView.swift */,
			);
			path = View;
			sourceTree = "<group>";
		};
		BC2D11602CEC5DE30030F4E0 /* Controller */ = {
			isa = PBXGroup;
			children = (
				BC9BF2002CECC52000AEE534 /* LoginViewController.swift */,
			);
			path = Controller;
			sourceTree = "<group>";
		};
		BC3201AC2D2D66B000B73A14 /* Models */ = {
			isa = PBXGroup;
			children = (
				BC3201AD2D2D66DA00B73A14 /* ProfileImageColor.swift */,
			);
			path = Models;
			sourceTree = "<group>";
		};
		BC7420F12CE22CFE00BEED0A /* Network */ = {
			isa = PBXGroup;
			children = (
				BC7420FD2CE23FCC00BEED0A /* NetworkError.swift */,
				BC7420F22CE22D0F00BEED0A /* Request */,
			);
			path = Network;
			sourceTree = "<group>";
		};
		BC7420F22CE22D0F00BEED0A /* Request */ = {
			isa = PBXGroup;
			children = (
				BC7420FB2CE23B9200BEED0A /* Request.swift */,
				BC7420F92CE23A8A00BEED0A /* Requestable.swift */,
				BC7420F72CE2391400BEED0A /* HttpMethod.swift */,
			);
			path = Request;
			sourceTree = "<group>";
		};
		BCC45D162CEB9A790045DC57 /* Login */ = {
			isa = PBXGroup;
			children = (
				BC2D115E2CEC5DCA0030F4E0 /* LoginScene */,
				BCC45D172CEB9A800045DC57 /* Common */,
			);
			path = Login;
			sourceTree = "<group>";
		};
		BCC45D172CEB9A800045DC57 /* Common */ = {
			isa = PBXGroup;
			children = (
				BCC45D182CEB9A870045DC57 /* View */,
			);
			path = Common;
			sourceTree = "<group>";
		};
		BCC45D182CEB9A870045DC57 /* View */ = {
			isa = PBXGroup;
			children = (
				BCC45D192CEB9A980045DC57 /* LoginTextField.swift */,
			);
			path = View;
			sourceTree = "<group>";
		};
		BCE6E5F02CF31EBC0036BAF6 /* SignUp */ = {
			isa = PBXGroup;
			children = (
				BCE6E5FD2CF321860036BAF6 /* SignUpScene */,
				BCE6E5F12CF31ECF0036BAF6 /* Common */,
			);
			path = SignUp;
			sourceTree = "<group>";
		};
		BCE6E5F12CF31ECF0036BAF6 /* Common */ = {
			isa = PBXGroup;
			children = (
				BCE6E5F52CF31EFA0036BAF6 /* View */,
			);
			path = Common;
			sourceTree = "<group>";
		};
		BCE6E5F52CF31EFA0036BAF6 /* View */ = {
			isa = PBXGroup;
			children = (
				BCE6E5F72CF31F1A0036BAF6 /* SignUpTextField.swift */,
				BCE6E5F92CF320100036BAF6 /* SignUpLabel.swift */,
				BCE6E5FB2CF321080036BAF6 /* SignUpFieldStackView.swift */,
				BC90A0B72CF4CC9A003488F0 /* SignUpInterestButton.swift */,
				BC8113752CF6221400F82331 /* SignUpAgreeButton.swift */,
			);
			path = View;
			sourceTree = "<group>";
		};
		BCE6E5FD2CF321860036BAF6 /* SignUpScene */ = {
			isa = PBXGroup;
			children = (
				BC3201AC2D2D66B000B73A14 /* Models */,
				BCE6E6012CF323490036BAF6 /* Controller */,
				BCE6E5FE2CF3219A0036BAF6 /* View */,
			);
			path = SignUpScene;
			sourceTree = "<group>";
		};
		BCE6E5FE2CF3219A0036BAF6 /* View */ = {
			isa = PBXGroup;
			children = (
				BCE6E5FF2CF321AE0036BAF6 /* SignUpFirstView.swift */,
				BC8113712CF5ECC800F82331 /* SignUpSecondView.swift */,
				BC55FE872D2AD51000E269B6 /* ProfileImagePickerView.swift */,
				BC3201AA2D2CFC6900B73A14 /* ProfileImageCell.swift */,
			);
			path = View;
			sourceTree = "<group>";
		};
		BCE6E6012CF323490036BAF6 /* Controller */ = {
			isa = PBXGroup;
			children = (
				BCE6E6022CF323570036BAF6 /* SignUpFirstViewController.swift */,
				BC90A0BB2CF4CF53003488F0 /* SignUpSecondViewController.swift */,
				BC55FE852D2AC8F100E269B6 /* ProfileImagePickerViewController.swift */,
			);
			path = Controller;
			sourceTree = "<group>";
		};
		BCE8FA292D2271C800A7B8E2 /* FindIdPw */ = {
			isa = PBXGroup;
			children = (
				BCE8FA2E2D2272C000A7B8E2 /* FindIdPwScene */,
				BCE8FA2A2D2271D000A7B8E2 /* Common */,
			);
			path = FindIdPw;
			sourceTree = "<group>";
		};
		BCE8FA2A2D2271D000A7B8E2 /* Common */ = {
			isa = PBXGroup;
			children = (
				BCE8FA2B2D2271E200A7B8E2 /* View */,
			);
			path = Common;
			sourceTree = "<group>";
		};
		BCE8FA2B2D2271E200A7B8E2 /* View */ = {
			isa = PBXGroup;
			children = (
				BCE8FA2C2D2271F900A7B8E2 /* FindIdPwTextField.swift */,
			);
			path = View;
			sourceTree = "<group>";
		};
		BCE8FA2E2D2272C000A7B8E2 /* FindIdPwScene */ = {
			isa = PBXGroup;
			children = (
				BCE8FA302D2272D600A7B8E2 /* Controller */,
				BCE8FA2F2D2272D200A7B8E2 /* View */,
			);
			path = FindIdPwScene;
			sourceTree = "<group>";
		};
		BCE8FA2F2D2272D200A7B8E2 /* View */ = {
			isa = PBXGroup;
			children = (
				BCE8FA312D2272EB00A7B8E2 /* FindIdPwView.swift */,
				BCE8FA352D227CE000A7B8E2 /* CompleteFindIdView.swift */,
				BCE8FA532D228C4900A7B8E2 /* ResetPwView.swift */,
				BCD2DFFA2D298A5C000ED875 /* CompleteResetPwView.swift */,
			);
			path = View;
			sourceTree = "<group>";
		};
		BCE8FA302D2272D600A7B8E2 /* Controller */ = {
			isa = PBXGroup;
			children = (
				BCE8FA332D2272F600A7B8E2 /* FindIdPwViewController.swift */,
				BCE8FA372D227CF100A7B8E2 /* CompleteFindIdViewController.swift */,
				BCE8FA552D228C5400A7B8E2 /* ResetPwViewController.swift */,
				BCD2DFFC2D298D10000ED875 /* CompleteResetPwViewController.swift */,
			);
			path = Controller;
			sourceTree = "<group>";
		};
		BCF6ED322D33D5230038CCAE /* Models */ = {
			isa = PBXGroup;
			children = (
				BCF6ED332D33D5420038CCAE /* LoginManager.swift */,
				BCF6ED382D33DF530038CCAE /* LoginResponse.swift */,
			);
			path = Models;
			sourceTree = "<group>";
		};
/* End PBXGroup section */

/* Begin PBXNativeTarget section */
		56537B722CE0F5100092A292 /* Popcorn-iOS */ = {
			isa = PBXNativeTarget;
			buildConfigurationList = 56537B9C2CE0F5110092A292 /* Build configuration list for PBXNativeTarget "Popcorn-iOS" */;
			buildPhases = (
				56537B6F2CE0F5100092A292 /* Sources */,
				56AA6C0A2CE36F2C001952C2 /* SwiftLint Script */,
				56537B702CE0F5100092A292 /* Frameworks */,
				56537B712CE0F5100092A292 /* Resources */,
			);
			buildRules = (
			);
			dependencies = (
			);
			name = "Popcorn-iOS";
			packageProductDependencies = (
				BC29A50D2D2EA5DE0059A5C5 /* KakaoSDKAuth */,
				BC29A50F2D2EA5DF0059A5C5 /* KakaoSDKCommon */,
				BC29A5112D2EA5DF0059A5C5 /* KakaoSDKUser */,
			);
			productName = "Popcorn-iOS";
			productReference = 56537B732CE0F5100092A292 /* Popcorn-iOS.app */;
			productType = "com.apple.product-type.application";
		};
		56537B882CE0F5110092A292 /* Popcorn-iOSTests */ = {
			isa = PBXNativeTarget;
			buildConfigurationList = 56537BA12CE0F5110092A292 /* Build configuration list for PBXNativeTarget "Popcorn-iOSTests" */;
			buildPhases = (
				56537B852CE0F5110092A292 /* Sources */,
				56537B862CE0F5110092A292 /* Frameworks */,
				56537B872CE0F5110092A292 /* Resources */,
			);
			buildRules = (
			);
			dependencies = (
				56537B8B2CE0F5110092A292 /* PBXTargetDependency */,
			);
			fileSystemSynchronizedGroups = (
				56537B8C2CE0F5110092A292 /* Popcorn-iOSTests */,
			);
			name = "Popcorn-iOSTests";
			packageProductDependencies = (
			);
			productName = "Popcorn-iOSTests";
			productReference = 56537B892CE0F5110092A292 /* Popcorn-iOSTests.xctest */;
			productType = "com.apple.product-type.bundle.unit-test";
		};
/* End PBXNativeTarget section */

/* Begin PBXProject section */
		56537B6B2CE0F5100092A292 /* Project object */ = {
			isa = PBXProject;
			attributes = {
				BuildIndependentTargetsInParallel = 1;
				LastSwiftUpdateCheck = 1610;
				LastUpgradeCheck = 1610;
				TargetAttributes = {
					56537B722CE0F5100092A292 = {
						CreatedOnToolsVersion = 16.1;
					};
					56537B882CE0F5110092A292 = {
						CreatedOnToolsVersion = 16.1;
						TestTargetID = 56537B722CE0F5100092A292;
					};
				};
			};
			buildConfigurationList = 56537B6E2CE0F5100092A292 /* Build configuration list for PBXProject "Popcorn-iOS" */;
			developmentRegion = en;
			hasScannedForEncodings = 0;
			knownRegions = (
				en,
				Base,
			);
			mainGroup = 56537B6A2CE0F5100092A292;
			minimizedProjectReferenceProxies = 1;
			packageReferences = (
				56AA6C032CE36EA8001952C2 /* XCRemoteSwiftPackageReference "SwiftLintPlugins" */,
				BC29A50C2D2EA5DE0059A5C5 /* XCRemoteSwiftPackageReference "kakao-ios-sdk" */,
			);
			preferredProjectObjectVersion = 77;
			productRefGroup = 56537B742CE0F5100092A292 /* Products */;
			projectDirPath = "";
			projectRoot = "";
			targets = (
				56537B722CE0F5100092A292 /* Popcorn-iOS */,
				56537B882CE0F5110092A292 /* Popcorn-iOSTests */,
			);
		};
/* End PBXProject section */

/* Begin PBXResourcesBuildPhase section */
		56537B712CE0F5100092A292 /* Resources */ = {
			isa = PBXResourcesBuildPhase;
			buildActionMask = 2147483647;
			files = (
				56AA6C0C2CE373A7001952C2 /* .swiftlint.yml in Resources */,
				5601592C2CF3172B00872662 /* RobotoFlex-VariableFont.ttf in Resources */,
				56537BB12CE0F5290092A292 /* Assets.xcassets in Resources */,
				56537BB32CE0F5290092A292 /* LaunchScreen.storyboard in Resources */,
			);
			runOnlyForDeploymentPostprocessing = 0;
		};
		56537B872CE0F5110092A292 /* Resources */ = {
			isa = PBXResourcesBuildPhase;
			buildActionMask = 2147483647;
			files = (
			);
			runOnlyForDeploymentPostprocessing = 0;
		};
/* End PBXResourcesBuildPhase section */

/* Begin PBXShellScriptBuildPhase section */
		56AA6C0A2CE36F2C001952C2 /* SwiftLint Script */ = {
			isa = PBXShellScriptBuildPhase;
			alwaysOutOfDate = 1;
			buildActionMask = 2147483647;
			files = (
			);
			inputFileListPaths = (
			);
			inputPaths = (
			);
			name = "SwiftLint Script";
			outputFileListPaths = (
			);
			outputPaths = (
			);
			runOnlyForDeploymentPostprocessing = 0;
			shellPath = /bin/sh;
			shellScript = "if [[ \"$(uname -m)\" == arm64 ]]; then\n    export PATH=\"/opt/homebrew/bin:$PATH\"\nfi\n\nif which swiftlint > /dev/null; then\n  swiftlint\nelse\n  echo \"warning: SwiftLint not installed, download from https://github.com/realm/SwiftLint\"\nfi\n";
		};
/* End PBXShellScriptBuildPhase section */

/* Begin PBXSourcesBuildPhase section */
		56537B6F2CE0F5100092A292 /* Sources */ = {
			isa = PBXSourcesBuildPhase;
			buildActionMask = 2147483647;
			files = (
				BC55FE862D2AC8F100E269B6 /* ProfileImagePickerViewController.swift in Sources */,
				565C415F2D2032160016003A /* MainCarouselViewModelProtocol.swift in Sources */,
				56018CA42CECC41000AC8ED5 /* Date+.swift in Sources */,
				56CD3A7B2CEB858100BAC02D /* PickOrInterestCell.swift in Sources */,
				56A0C8532D2AB2F2005E6C51 /* PopupDetailViewModel.swift in Sources */,
				BC9BF2012CECC52000AEE534 /* LoginViewController.swift in Sources */,
				BCE8FA2D2D2271F900A7B8E2 /* FindIdPwTextField.swift in Sources */,
				BCD2DFFD2D298D10000ED875 /* CompleteResetPwViewController.swift in Sources */,
				BCE6E6002CF321AE0036BAF6 /* SignUpFirstView.swift in Sources */,
				BC7420FA2CE23A9500BEED0A /* Requestable.swift in Sources */,
				56381C2A2D193CEE00F4F715 /* MainCarouselPickHeaderView.swift in Sources */,
				56A0C8472D2A744C005E6C51 /* ReviewCollectionViewCell.swift in Sources */,
				BC90A0BC2CF4CF53003488F0 /* SignUpSecondViewController.swift in Sources */,
				BCE8FA322D2272EB00A7B8E2 /* FindIdPwView.swift in Sources */,
				562447072D33975B000E94A0 /* FullScreenReviewImageViewController.swift in Sources */,
				56A0C8492D2A9947005E6C51 /* ReviewImageCollectionViewCell.swift in Sources */,
				56C5DDBA2CE79AC90090D3A2 /* MainCarouselView.swift in Sources */,
				BC7420FE2CE23FD700BEED0A /* NetworkError.swift in Sources */,
				56D68A342D23FBB700EA1404 /* RatingDistributionView.swift in Sources */,
				BCE6E6032CF323570036BAF6 /* SignUpFirstViewController.swift in Sources */,
				BCE6E5FC2CF321080036BAF6 /* SignUpFieldStackView.swift in Sources */,
				BCF6ED392D33DF530038CCAE /* LoginResponse.swift in Sources */,
				563483002D2248DB001646B5 /* PopupInfoReviewSegmentHeaderView.swift in Sources */,
				BC8113722CF5ECC800F82331 /* SignUpSecondView.swift in Sources */,
				56C5DDD52CE9C1E40090D3A2 /* PopupPreview.swift in Sources */,
				56018CA22CECB1C400AC8ED5 /* MainSceneViewController.swift in Sources */,
				BCE8FA342D2272F600A7B8E2 /* FindIdPwViewController.swift in Sources */,
				BCE6E5F82CF31F1A0036BAF6 /* SignUpTextField.swift in Sources */,
				564524E22D240BBA00B05355 /* StarRatingView.swift in Sources */,
				56C5DDD92CE9C2780090D3A2 /* UserInterestPopup.swift in Sources */,
				BCD2DFFB2D298A5C000ED875 /* CompleteResetPwView.swift in Sources */,
				560159422CF32F5900872662 /* UIButton+.swift in Sources */,
				BC8113762CF6221400F82331 /* SignUpAgreeButton.swift in Sources */,
				BC3201AE2D2D66DA00B73A14 /* ProfileImageColor.swift in Sources */,
				56C5DDBC2CE875990090D3A2 /* MainCarouselCollectionViewCell.swift in Sources */,
				5601592E2CF3175E00872662 /* RobotoFontName.swift in Sources */,
				BCE6E60A2CF378DF0036BAF6 /* SignUpLabel.swift in Sources */,
				BCE8FA542D228C4900A7B8E2 /* ResetPwView.swift in Sources */,
				562447162D33B65D000E94A0 /* ReviewCollectionViewCellDelegate.swift in Sources */,
				565C415C2D2028DD0016003A /* MainCollectionTitleHeaderView.swift in Sources */,
				56C5DDBF2CE87C0E0090D3A2 /* Reusable.swift in Sources */,
				56CD3A722CEB83CF00BAC02D /* MainSceneViewModel.swift in Sources */,
				BC55FE882D2AD51000E269B6 /* ProfileImagePickerView.swift in Sources */,
				BC90A0522CF4A6EA003488F0 /* UIResponder+.swift in Sources */,
				563483052D2274CB001646B5 /* PopupInformation.swift in Sources */,
				BC7420FC2CE23B9600BEED0A /* Request.swift in Sources */,
				56D68A362D2409DB00EA1404 /* PopupRatingCollectionViewCell.swift in Sources */,
				BC7420F82CE2395600BEED0A /* HttpMethod.swift in Sources */,
				56B6D3722D2A5DA600FFB733 /* ReviewSortButtonHeaderView.swift in Sources */,
				563482FE2D2240B8001646B5 /* PopupTitleCollectionViewCell.swift in Sources */,
				563483032D224CF2001646B5 /* CarouselHeaderView.swift in Sources */,
				56537BB52CE0F5290092A292 /* AppDelegate.swift in Sources */,
				56018C9B2CEC9AE000AC8ED5 /* MainCollectionHeaderView.swift in Sources */,
				BCE8FA382D227CF100A7B8E2 /* CompleteFindIdViewController.swift in Sources */,
				56CD3A7D2CEC31B000BAC02D /* UIView+.swift in Sources */,
				560159302CF319A700872662 /* UILabel+.swift in Sources */,
				5649A5902CEC6F7600D9F4F5 /* ClosingSoonPopupCell.swift in Sources */,
				BCF6ED342D33D5420038CCAE /* LoginManager.swift in Sources */,
				BC3201AB2D2CFC6900B73A14 /* ProfileImageCell.swift in Sources */,
				BCC45D1A2CEB9A980045DC57 /* LoginTextField.swift in Sources */,
				BCE8FA562D228C5400A7B8E2 /* ResetPwViewController.swift in Sources */,
				56A061282D21697E00BC92A8 /* PopupDetailInfoCollectionViewCell.swift in Sources */,
				56C98C712CF488960001CFD4 /* PopupDetailViewController.swift in Sources */,
				BC2D11622CEC5DF60030F4E0 /* LoginView.swift in Sources */,
				BCE8FA362D227CE000A7B8E2 /* CompleteFindIdView.swift in Sources */,
				56537BB62CE0F5290092A292 /* SceneDelegate.swift in Sources */,
				56537BB72CE0F5290092A292 /* ViewController.swift in Sources */,
				BC90A0B82CF4CC9A003488F0 /* SignUpInterestButton.swift in Sources */,
			);
			runOnlyForDeploymentPostprocessing = 0;
		};
		56537B852CE0F5110092A292 /* Sources */ = {
			isa = PBXSourcesBuildPhase;
			buildActionMask = 2147483647;
			files = (
			);
			runOnlyForDeploymentPostprocessing = 0;
		};
/* End PBXSourcesBuildPhase section */

/* Begin PBXTargetDependency section */
		56537B8B2CE0F5110092A292 /* PBXTargetDependency */ = {
			isa = PBXTargetDependency;
			target = 56537B722CE0F5100092A292 /* Popcorn-iOS */;
			targetProxy = 56537B8A2CE0F5110092A292 /* PBXContainerItemProxy */;
		};
/* End PBXTargetDependency section */

/* Begin PBXVariantGroup section */
		56537BAB2CE0F5290092A292 /* LaunchScreen.storyboard */ = {
			isa = PBXVariantGroup;
			children = (
				56537BAA2CE0F5290092A292 /* Base */,
			);
			name = LaunchScreen.storyboard;
			sourceTree = "<group>";
		};
/* End PBXVariantGroup section */

/* Begin XCBuildConfiguration section */
		56537B9D2CE0F5110092A292 /* Debug */ = {
			isa = XCBuildConfiguration;
			buildSettings = {
				ASSETCATALOG_COMPILER_APPICON_NAME = AppIcon;
				ASSETCATALOG_COMPILER_GLOBAL_ACCENT_COLOR_NAME = AccentColor;
				CODE_SIGN_STYLE = Automatic;
				CURRENT_PROJECT_VERSION = 1;
				DEVELOPMENT_TEAM = 5JD4YAFH7N;
				ENABLE_USER_SCRIPT_SANDBOXING = NO;
				GENERATE_INFOPLIST_FILE = YES;
				INFOPLIST_FILE = "Popcorn-iOS/Resource/Info.plist";
				INFOPLIST_KEY_UIApplicationSupportsIndirectInputEvents = YES;
				INFOPLIST_KEY_UILaunchStoryboardName = LaunchScreen;
				INFOPLIST_KEY_UISupportedInterfaceOrientations_iPad = "UIInterfaceOrientationPortrait UIInterfaceOrientationPortraitUpsideDown UIInterfaceOrientationLandscapeLeft UIInterfaceOrientationLandscapeRight";
				INFOPLIST_KEY_UISupportedInterfaceOrientations_iPhone = "UIInterfaceOrientationPortrait UIInterfaceOrientationLandscapeLeft UIInterfaceOrientationLandscapeRight";
				IPHONEOS_DEPLOYMENT_TARGET = 16.6;
				LD_RUNPATH_SEARCH_PATHS = (
					"$(inherited)",
					"@executable_path/Frameworks",
				);
				MARKETING_VERSION = 1.0;
				PRODUCT_BUNDLE_IDENTIFIER = "Popcorna.Popcorn-iOS";
				PRODUCT_NAME = "$(TARGET_NAME)";
				SWIFT_EMIT_LOC_STRINGS = YES;
				SWIFT_VERSION = 5.0;
				TARGETED_DEVICE_FAMILY = "1,2";
			};
			name = Debug;
		};
		56537B9E2CE0F5110092A292 /* Release */ = {
			isa = XCBuildConfiguration;
			buildSettings = {
				ASSETCATALOG_COMPILER_APPICON_NAME = AppIcon;
				ASSETCATALOG_COMPILER_GLOBAL_ACCENT_COLOR_NAME = AccentColor;
				CODE_SIGN_STYLE = Automatic;
				CURRENT_PROJECT_VERSION = 1;
				DEVELOPMENT_TEAM = 5JD4YAFH7N;
				ENABLE_USER_SCRIPT_SANDBOXING = NO;
				GENERATE_INFOPLIST_FILE = YES;
				INFOPLIST_FILE = "Popcorn-iOS/Resource/Info.plist";
				INFOPLIST_KEY_UIApplicationSupportsIndirectInputEvents = YES;
				INFOPLIST_KEY_UILaunchStoryboardName = LaunchScreen;
				INFOPLIST_KEY_UISupportedInterfaceOrientations_iPad = "UIInterfaceOrientationPortrait UIInterfaceOrientationPortraitUpsideDown UIInterfaceOrientationLandscapeLeft UIInterfaceOrientationLandscapeRight";
				INFOPLIST_KEY_UISupportedInterfaceOrientations_iPhone = "UIInterfaceOrientationPortrait UIInterfaceOrientationLandscapeLeft UIInterfaceOrientationLandscapeRight";
				IPHONEOS_DEPLOYMENT_TARGET = 16.6;
				LD_RUNPATH_SEARCH_PATHS = (
					"$(inherited)",
					"@executable_path/Frameworks",
				);
				MARKETING_VERSION = 1.0;
				PRODUCT_BUNDLE_IDENTIFIER = "Popcorna.Popcorn-iOS";
				PRODUCT_NAME = "$(TARGET_NAME)";
				SWIFT_EMIT_LOC_STRINGS = YES;
				SWIFT_VERSION = 5.0;
				TARGETED_DEVICE_FAMILY = "1,2";
			};
			name = Release;
		};
		56537B9F2CE0F5110092A292 /* Debug */ = {
			isa = XCBuildConfiguration;
			buildSettings = {
				ALWAYS_SEARCH_USER_PATHS = NO;
				ASSETCATALOG_COMPILER_GENERATE_SWIFT_ASSET_SYMBOL_EXTENSIONS = YES;
				CLANG_ANALYZER_NONNULL = YES;
				CLANG_ANALYZER_NUMBER_OBJECT_CONVERSION = YES_AGGRESSIVE;
				CLANG_CXX_LANGUAGE_STANDARD = "gnu++20";
				CLANG_ENABLE_MODULES = YES;
				CLANG_ENABLE_OBJC_ARC = YES;
				CLANG_ENABLE_OBJC_WEAK = YES;
				CLANG_WARN_BLOCK_CAPTURE_AUTORELEASING = YES;
				CLANG_WARN_BOOL_CONVERSION = YES;
				CLANG_WARN_COMMA = YES;
				CLANG_WARN_CONSTANT_CONVERSION = YES;
				CLANG_WARN_DEPRECATED_OBJC_IMPLEMENTATIONS = YES;
				CLANG_WARN_DIRECT_OBJC_ISA_USAGE = YES_ERROR;
				CLANG_WARN_DOCUMENTATION_COMMENTS = YES;
				CLANG_WARN_EMPTY_BODY = YES;
				CLANG_WARN_ENUM_CONVERSION = YES;
				CLANG_WARN_INFINITE_RECURSION = YES;
				CLANG_WARN_INT_CONVERSION = YES;
				CLANG_WARN_NON_LITERAL_NULL_CONVERSION = YES;
				CLANG_WARN_OBJC_IMPLICIT_RETAIN_SELF = YES;
				CLANG_WARN_OBJC_LITERAL_CONVERSION = YES;
				CLANG_WARN_OBJC_ROOT_CLASS = YES_ERROR;
				CLANG_WARN_QUOTED_INCLUDE_IN_FRAMEWORK_HEADER = YES;
				CLANG_WARN_RANGE_LOOP_ANALYSIS = YES;
				CLANG_WARN_STRICT_PROTOTYPES = YES;
				CLANG_WARN_SUSPICIOUS_MOVE = YES;
				CLANG_WARN_UNGUARDED_AVAILABILITY = YES_AGGRESSIVE;
				CLANG_WARN_UNREACHABLE_CODE = YES;
				CLANG_WARN__DUPLICATE_METHOD_MATCH = YES;
				COPY_PHASE_STRIP = NO;
				DEBUG_INFORMATION_FORMAT = dwarf;
				ENABLE_STRICT_OBJC_MSGSEND = YES;
				ENABLE_TESTABILITY = YES;
				ENABLE_USER_SCRIPT_SANDBOXING = YES;
				GCC_C_LANGUAGE_STANDARD = gnu17;
				GCC_DYNAMIC_NO_PIC = NO;
				GCC_NO_COMMON_BLOCKS = YES;
				GCC_OPTIMIZATION_LEVEL = 0;
				GCC_PREPROCESSOR_DEFINITIONS = (
					"DEBUG=1",
					"$(inherited)",
				);
				GCC_WARN_64_TO_32_BIT_CONVERSION = YES;
				GCC_WARN_ABOUT_RETURN_TYPE = YES_ERROR;
				GCC_WARN_UNDECLARED_SELECTOR = YES;
				GCC_WARN_UNINITIALIZED_AUTOS = YES_AGGRESSIVE;
				GCC_WARN_UNUSED_FUNCTION = YES;
				GCC_WARN_UNUSED_VARIABLE = YES;
				IPHONEOS_DEPLOYMENT_TARGET = 18.1;
				LOCALIZATION_PREFERS_STRING_CATALOGS = YES;
				MTL_ENABLE_DEBUG_INFO = INCLUDE_SOURCE;
				MTL_FAST_MATH = YES;
				ONLY_ACTIVE_ARCH = YES;
				SDKROOT = iphoneos;
				SWIFT_ACTIVE_COMPILATION_CONDITIONS = "DEBUG $(inherited)";
				SWIFT_OPTIMIZATION_LEVEL = "-Onone";
			};
			name = Debug;
		};
		56537BA02CE0F5110092A292 /* Release */ = {
			isa = XCBuildConfiguration;
			buildSettings = {
				ALWAYS_SEARCH_USER_PATHS = NO;
				ASSETCATALOG_COMPILER_GENERATE_SWIFT_ASSET_SYMBOL_EXTENSIONS = YES;
				CLANG_ANALYZER_NONNULL = YES;
				CLANG_ANALYZER_NUMBER_OBJECT_CONVERSION = YES_AGGRESSIVE;
				CLANG_CXX_LANGUAGE_STANDARD = "gnu++20";
				CLANG_ENABLE_MODULES = YES;
				CLANG_ENABLE_OBJC_ARC = YES;
				CLANG_ENABLE_OBJC_WEAK = YES;
				CLANG_WARN_BLOCK_CAPTURE_AUTORELEASING = YES;
				CLANG_WARN_BOOL_CONVERSION = YES;
				CLANG_WARN_COMMA = YES;
				CLANG_WARN_CONSTANT_CONVERSION = YES;
				CLANG_WARN_DEPRECATED_OBJC_IMPLEMENTATIONS = YES;
				CLANG_WARN_DIRECT_OBJC_ISA_USAGE = YES_ERROR;
				CLANG_WARN_DOCUMENTATION_COMMENTS = YES;
				CLANG_WARN_EMPTY_BODY = YES;
				CLANG_WARN_ENUM_CONVERSION = YES;
				CLANG_WARN_INFINITE_RECURSION = YES;
				CLANG_WARN_INT_CONVERSION = YES;
				CLANG_WARN_NON_LITERAL_NULL_CONVERSION = YES;
				CLANG_WARN_OBJC_IMPLICIT_RETAIN_SELF = YES;
				CLANG_WARN_OBJC_LITERAL_CONVERSION = YES;
				CLANG_WARN_OBJC_ROOT_CLASS = YES_ERROR;
				CLANG_WARN_QUOTED_INCLUDE_IN_FRAMEWORK_HEADER = YES;
				CLANG_WARN_RANGE_LOOP_ANALYSIS = YES;
				CLANG_WARN_STRICT_PROTOTYPES = YES;
				CLANG_WARN_SUSPICIOUS_MOVE = YES;
				CLANG_WARN_UNGUARDED_AVAILABILITY = YES_AGGRESSIVE;
				CLANG_WARN_UNREACHABLE_CODE = YES;
				CLANG_WARN__DUPLICATE_METHOD_MATCH = YES;
				COPY_PHASE_STRIP = NO;
				DEBUG_INFORMATION_FORMAT = "dwarf-with-dsym";
				ENABLE_NS_ASSERTIONS = NO;
				ENABLE_STRICT_OBJC_MSGSEND = YES;
				ENABLE_USER_SCRIPT_SANDBOXING = YES;
				GCC_C_LANGUAGE_STANDARD = gnu17;
				GCC_NO_COMMON_BLOCKS = YES;
				GCC_WARN_64_TO_32_BIT_CONVERSION = YES;
				GCC_WARN_ABOUT_RETURN_TYPE = YES_ERROR;
				GCC_WARN_UNDECLARED_SELECTOR = YES;
				GCC_WARN_UNINITIALIZED_AUTOS = YES_AGGRESSIVE;
				GCC_WARN_UNUSED_FUNCTION = YES;
				GCC_WARN_UNUSED_VARIABLE = YES;
				IPHONEOS_DEPLOYMENT_TARGET = 18.1;
				LOCALIZATION_PREFERS_STRING_CATALOGS = YES;
				MTL_ENABLE_DEBUG_INFO = NO;
				MTL_FAST_MATH = YES;
				SDKROOT = iphoneos;
				SWIFT_COMPILATION_MODE = wholemodule;
				VALIDATE_PRODUCT = YES;
			};
			name = Release;
		};
		56537BA22CE0F5110092A292 /* Debug */ = {
			isa = XCBuildConfiguration;
			buildSettings = {
				BUNDLE_LOADER = "$(TEST_HOST)";
				CODE_SIGN_STYLE = Automatic;
				CURRENT_PROJECT_VERSION = 1;
				DEVELOPMENT_TEAM = 5JD4YAFH7N;
				GENERATE_INFOPLIST_FILE = YES;
				IPHONEOS_DEPLOYMENT_TARGET = 18.1;
				MARKETING_VERSION = 1.0;
				PRODUCT_BUNDLE_IDENTIFIER = "Popcorn.Popcorn-iOSTests";
				PRODUCT_NAME = "$(TARGET_NAME)";
				SWIFT_EMIT_LOC_STRINGS = NO;
				SWIFT_VERSION = 5.0;
				TARGETED_DEVICE_FAMILY = "1,2";
				TEST_HOST = "$(BUILT_PRODUCTS_DIR)/Popcorn-iOS.app/$(BUNDLE_EXECUTABLE_FOLDER_PATH)/Popcorn-iOS";
			};
			name = Debug;
		};
		56537BA32CE0F5110092A292 /* Release */ = {
			isa = XCBuildConfiguration;
			buildSettings = {
				BUNDLE_LOADER = "$(TEST_HOST)";
				CODE_SIGN_STYLE = Automatic;
				CURRENT_PROJECT_VERSION = 1;
				DEVELOPMENT_TEAM = 5JD4YAFH7N;
				GENERATE_INFOPLIST_FILE = YES;
				IPHONEOS_DEPLOYMENT_TARGET = 18.1;
				MARKETING_VERSION = 1.0;
				PRODUCT_BUNDLE_IDENTIFIER = "Popcorn.Popcorn-iOSTests";
				PRODUCT_NAME = "$(TARGET_NAME)";
				SWIFT_EMIT_LOC_STRINGS = NO;
				SWIFT_VERSION = 5.0;
				TARGETED_DEVICE_FAMILY = "1,2";
				TEST_HOST = "$(BUILT_PRODUCTS_DIR)/Popcorn-iOS.app/$(BUNDLE_EXECUTABLE_FOLDER_PATH)/Popcorn-iOS";
			};
			name = Release;
		};
/* End XCBuildConfiguration section */

/* Begin XCConfigurationList section */
		56537B6E2CE0F5100092A292 /* Build configuration list for PBXProject "Popcorn-iOS" */ = {
			isa = XCConfigurationList;
			buildConfigurations = (
				56537B9F2CE0F5110092A292 /* Debug */,
				56537BA02CE0F5110092A292 /* Release */,
			);
			defaultConfigurationIsVisible = 0;
			defaultConfigurationName = Release;
		};
		56537B9C2CE0F5110092A292 /* Build configuration list for PBXNativeTarget "Popcorn-iOS" */ = {
			isa = XCConfigurationList;
			buildConfigurations = (
				56537B9D2CE0F5110092A292 /* Debug */,
				56537B9E2CE0F5110092A292 /* Release */,
			);
			defaultConfigurationIsVisible = 0;
			defaultConfigurationName = Release;
		};
		56537BA12CE0F5110092A292 /* Build configuration list for PBXNativeTarget "Popcorn-iOSTests" */ = {
			isa = XCConfigurationList;
			buildConfigurations = (
				56537BA22CE0F5110092A292 /* Debug */,
				56537BA32CE0F5110092A292 /* Release */,
			);
			defaultConfigurationIsVisible = 0;
			defaultConfigurationName = Release;
		};
/* End XCConfigurationList section */

/* Begin XCRemoteSwiftPackageReference section */
		56AA6C032CE36EA8001952C2 /* XCRemoteSwiftPackageReference "SwiftLintPlugins" */ = {
			isa = XCRemoteSwiftPackageReference;
			repositoryURL = "https://github.com/SimplyDanny/SwiftLintPlugins";
			requirement = {
				kind = upToNextMajorVersion;
				minimumVersion = 0.57.0;
			};
		};
		BC29A50C2D2EA5DE0059A5C5 /* XCRemoteSwiftPackageReference "kakao-ios-sdk" */ = {
			isa = XCRemoteSwiftPackageReference;
			repositoryURL = "https://github.com/kakao/kakao-ios-sdk";
			requirement = {
				branch = master;
				kind = branch;
			};
		};
/* End XCRemoteSwiftPackageReference section */

/* Begin XCSwiftPackageProductDependency section */
		BC29A50D2D2EA5DE0059A5C5 /* KakaoSDKAuth */ = {
			isa = XCSwiftPackageProductDependency;
			package = BC29A50C2D2EA5DE0059A5C5 /* XCRemoteSwiftPackageReference "kakao-ios-sdk" */;
			productName = KakaoSDKAuth;
		};
		BC29A50F2D2EA5DF0059A5C5 /* KakaoSDKCommon */ = {
			isa = XCSwiftPackageProductDependency;
			package = BC29A50C2D2EA5DE0059A5C5 /* XCRemoteSwiftPackageReference "kakao-ios-sdk" */;
			productName = KakaoSDKCommon;
		};
		BC29A5112D2EA5DF0059A5C5 /* KakaoSDKUser */ = {
			isa = XCSwiftPackageProductDependency;
			package = BC29A50C2D2EA5DE0059A5C5 /* XCRemoteSwiftPackageReference "kakao-ios-sdk" */;
			productName = KakaoSDKUser;
		};
/* End XCSwiftPackageProductDependency section */
	};
	rootObject = 56537B6B2CE0F5100092A292 /* Project object */;
}
