// !$*UTF8*$!
{
	archiveVersion = 1;
	classes = {
	};
	objectVersion = 77;
	objects = {

/* Begin PBXBuildFile section */
		56018C9B2CEC9AE000AC8ED5 /* MainCollectionHeaderView.swift in Sources */ = {isa = PBXBuildFile; fileRef = 56018C9A2CEC9ACF00AC8ED5 /* MainCollectionHeaderView.swift */; };
		56018CA22CECB1C400AC8ED5 /* MainSceneViewController.swift in Sources */ = {isa = PBXBuildFile; fileRef = 56018CA12CECB1C400AC8ED5 /* MainSceneViewController.swift */; };
		56018CA42CECC41000AC8ED5 /* Date+.swift in Sources */ = {isa = PBXBuildFile; fileRef = 56018CA32CECC3FA00AC8ED5 /* Date+.swift */; };
		5649A5902CEC6F7600D9F4F5 /* ClosingSoonPopupCell.swift in Sources */ = {isa = PBXBuildFile; fileRef = 5649A58F2CEC6F7600D9F4F5 /* ClosingSoonPopupCell.swift */; };
		56537BB12CE0F5290092A292 /* Assets.xcassets in Resources */ = {isa = PBXBuildFile; fileRef = 56537BA82CE0F5290092A292 /* Assets.xcassets */; };
		56537BB32CE0F5290092A292 /* LaunchScreen.storyboard in Resources */ = {isa = PBXBuildFile; fileRef = 56537BAB2CE0F5290092A292 /* LaunchScreen.storyboard */; };
		56537BB52CE0F5290092A292 /* AppDelegate.swift in Sources */ = {isa = PBXBuildFile; fileRef = 56537BA72CE0F5290092A292 /* AppDelegate.swift */; };
		56537BB62CE0F5290092A292 /* SceneDelegate.swift in Sources */ = {isa = PBXBuildFile; fileRef = 56537BAE2CE0F5290092A292 /* SceneDelegate.swift */; };
		56537BB72CE0F5290092A292 /* ViewController.swift in Sources */ = {isa = PBXBuildFile; fileRef = 56537BAF2CE0F5290092A292 /* ViewController.swift */; };
		56AA6C0C2CE373A7001952C2 /* .swiftlint.yml in Resources */ = {isa = PBXBuildFile; fileRef = 56AA6C0B2CE373A7001952C2 /* .swiftlint.yml */; };
		56C5DDBA2CE79AC90090D3A2 /* MainCellPagingImageView.swift in Sources */ = {isa = PBXBuildFile; fileRef = 56C5DDB92CE799780090D3A2 /* MainCellPagingImageView.swift */; };
		56C5DDBC2CE875990090D3A2 /* MainCellPagingCollectionViewCell.swift in Sources */ = {isa = PBXBuildFile; fileRef = 56C5DDBB2CE875990090D3A2 /* MainCellPagingCollectionViewCell.swift */; };
		56C5DDBF2CE87C0E0090D3A2 /* Reusable.swift in Sources */ = {isa = PBXBuildFile; fileRef = 56C5DDBE2CE87BE80090D3A2 /* Reusable.swift */; };
		56C5DDD52CE9C1E40090D3A2 /* PopupPreview.swift in Sources */ = {isa = PBXBuildFile; fileRef = 56C5DDD42CE9C1B60090D3A2 /* PopupPreview.swift */; };
		56C5DDD92CE9C2780090D3A2 /* UserInterestPopup.swift in Sources */ = {isa = PBXBuildFile; fileRef = 56C5DDD82CE9C2700090D3A2 /* UserInterestPopup.swift */; };
		56CD3A722CEB83CF00BAC02D /* MainSceneViewModel.swift in Sources */ = {isa = PBXBuildFile; fileRef = 56CD3A702CEB83CF00BAC02D /* MainSceneViewModel.swift */; };
		56CD3A7B2CEB858100BAC02D /* PickOrInterestCell.swift in Sources */ = {isa = PBXBuildFile; fileRef = 56CD3A7A2CEB858100BAC02D /* PickOrInterestCell.swift */; };
		56CD3A7D2CEC31B000BAC02D /* UIView+.swift in Sources */ = {isa = PBXBuildFile; fileRef = 56CD3A7C2CEC314E00BAC02D /* UIView+.swift */; };
		BC2D11622CEC5DF60030F4E0 /* LoginView.swift in Sources */ = {isa = PBXBuildFile; fileRef = BC2D11612CEC5DF60030F4E0 /* LoginView.swift */; };
		BC7420F82CE2395600BEED0A /* HttpMethod.swift in Sources */ = {isa = PBXBuildFile; fileRef = BC7420F72CE2391400BEED0A /* HttpMethod.swift */; };
		BC7420FA2CE23A9500BEED0A /* Requestable.swift in Sources */ = {isa = PBXBuildFile; fileRef = BC7420F92CE23A8A00BEED0A /* Requestable.swift */; };
		BC7420FC2CE23B9600BEED0A /* Request.swift in Sources */ = {isa = PBXBuildFile; fileRef = BC7420FB2CE23B9200BEED0A /* Request.swift */; };
		BC7420FE2CE23FD700BEED0A /* NetworkError.swift in Sources */ = {isa = PBXBuildFile; fileRef = BC7420FD2CE23FCC00BEED0A /* NetworkError.swift */; };
		BC9BF2012CECC52000AEE534 /* LoginViewController.swift in Sources */ = {isa = PBXBuildFile; fileRef = BC9BF2002CECC52000AEE534 /* LoginViewController.swift */; };
		BCC45D1A2CEB9A980045DC57 /* LoginTextField.swift in Sources */ = {isa = PBXBuildFile; fileRef = BCC45D192CEB9A980045DC57 /* LoginTextField.swift */; };
		BCE6E5F82CF31F1A0036BAF6 /* SignUpTextField.swift in Sources */ = {isa = PBXBuildFile; fileRef = BCE6E5F72CF31F1A0036BAF6 /* SignUpTextField.swift */; };
		BCE6E5FA2CF320100036BAF6 /* SignUpLabel.swift in Sources */ = {isa = PBXBuildFile; fileRef = BCE6E5F92CF320100036BAF6 /* SignUpLabel.swift */; };
		BCE6E5FC2CF321080036BAF6 /* SignUpFieldStackView.swift in Sources */ = {isa = PBXBuildFile; fileRef = BCE6E5FB2CF321080036BAF6 /* SignUpFieldStackView.swift */; };
/* End PBXBuildFile section */

/* Begin PBXContainerItemProxy section */
		56537B8A2CE0F5110092A292 /* PBXContainerItemProxy */ = {
			isa = PBXContainerItemProxy;
			containerPortal = 56537B6B2CE0F5100092A292 /* Project object */;
			proxyType = 1;
			remoteGlobalIDString = 56537B722CE0F5100092A292;
			remoteInfo = "Popcorn-iOS";
		};
/* End PBXContainerItemProxy section */

/* Begin PBXFileReference section */
		56018C9A2CEC9ACF00AC8ED5 /* MainCollectionHeaderView.swift */ = {isa = PBXFileReference; lastKnownFileType = sourcecode.swift; path = MainCollectionHeaderView.swift; sourceTree = "<group>"; };
		56018CA12CECB1C400AC8ED5 /* MainSceneViewController.swift */ = {isa = PBXFileReference; lastKnownFileType = sourcecode.swift; path = MainSceneViewController.swift; sourceTree = "<group>"; };
		56018CA32CECC3FA00AC8ED5 /* Date+.swift */ = {isa = PBXFileReference; lastKnownFileType = sourcecode.swift; path = "Date+.swift"; sourceTree = "<group>"; };
		5649A58F2CEC6F7600D9F4F5 /* ClosingSoonPopupCell.swift */ = {isa = PBXFileReference; lastKnownFileType = sourcecode.swift; path = ClosingSoonPopupCell.swift; sourceTree = "<group>"; };
		56537B732CE0F5100092A292 /* Popcorn-iOS.app */ = {isa = PBXFileReference; explicitFileType = wrapper.application; includeInIndex = 0; path = "Popcorn-iOS.app"; sourceTree = BUILT_PRODUCTS_DIR; };
		56537B892CE0F5110092A292 /* Popcorn-iOSTests.xctest */ = {isa = PBXFileReference; explicitFileType = wrapper.cfbundle; includeInIndex = 0; path = "Popcorn-iOSTests.xctest"; sourceTree = BUILT_PRODUCTS_DIR; };
		56537BA72CE0F5290092A292 /* AppDelegate.swift */ = {isa = PBXFileReference; lastKnownFileType = sourcecode.swift; path = AppDelegate.swift; sourceTree = "<group>"; };
		56537BA82CE0F5290092A292 /* Assets.xcassets */ = {isa = PBXFileReference; lastKnownFileType = folder.assetcatalog; path = Assets.xcassets; sourceTree = "<group>"; };
		56537BA92CE0F5290092A292 /* Info.plist */ = {isa = PBXFileReference; lastKnownFileType = text.plist.xml; path = Info.plist; sourceTree = "<group>"; };
		56537BAA2CE0F5290092A292 /* Base */ = {isa = PBXFileReference; lastKnownFileType = file.storyboard; name = Base; path = Base.lproj/LaunchScreen.storyboard; sourceTree = "<group>"; };
		56537BAE2CE0F5290092A292 /* SceneDelegate.swift */ = {isa = PBXFileReference; lastKnownFileType = sourcecode.swift; path = SceneDelegate.swift; sourceTree = "<group>"; };
		56537BAF2CE0F5290092A292 /* ViewController.swift */ = {isa = PBXFileReference; lastKnownFileType = sourcecode.swift; path = ViewController.swift; sourceTree = "<group>"; };
		56AA6C0B2CE373A7001952C2 /* .swiftlint.yml */ = {isa = PBXFileReference; lastKnownFileType = text.yaml; path = .swiftlint.yml; sourceTree = "<group>"; };
		56C5DDB92CE799780090D3A2 /* MainCellPagingImageView.swift */ = {isa = PBXFileReference; lastKnownFileType = sourcecode.swift; path = MainCellPagingImageView.swift; sourceTree = "<group>"; };
		56C5DDBB2CE875990090D3A2 /* MainCellPagingCollectionViewCell.swift */ = {isa = PBXFileReference; lastKnownFileType = sourcecode.swift; path = MainCellPagingCollectionViewCell.swift; sourceTree = "<group>"; };
		56C5DDBE2CE87BE80090D3A2 /* Reusable.swift */ = {isa = PBXFileReference; lastKnownFileType = sourcecode.swift; path = Reusable.swift; sourceTree = "<group>"; };
		56C5DDD42CE9C1B60090D3A2 /* PopupPreview.swift */ = {isa = PBXFileReference; lastKnownFileType = sourcecode.swift; path = PopupPreview.swift; sourceTree = "<group>"; };
		56C5DDD82CE9C2700090D3A2 /* UserInterestPopup.swift */ = {isa = PBXFileReference; lastKnownFileType = sourcecode.swift; path = UserInterestPopup.swift; sourceTree = "<group>"; };
		56CD3A702CEB83CF00BAC02D /* MainSceneViewModel.swift */ = {isa = PBXFileReference; lastKnownFileType = sourcecode.swift; path = MainSceneViewModel.swift; sourceTree = "<group>"; };
		56CD3A7A2CEB858100BAC02D /* PickOrInterestCell.swift */ = {isa = PBXFileReference; lastKnownFileType = sourcecode.swift; path = PickOrInterestCell.swift; sourceTree = "<group>"; };
		56CD3A7C2CEC314E00BAC02D /* UIView+.swift */ = {isa = PBXFileReference; lastKnownFileType = sourcecode.swift; path = "UIView+.swift"; sourceTree = "<group>"; };
		BC2D11612CEC5DF60030F4E0 /* LoginView.swift */ = {isa = PBXFileReference; lastKnownFileType = sourcecode.swift; path = LoginView.swift; sourceTree = "<group>"; };
		BC7420F72CE2391400BEED0A /* HttpMethod.swift */ = {isa = PBXFileReference; lastKnownFileType = sourcecode.swift; path = HttpMethod.swift; sourceTree = "<group>"; };
		BC7420F92CE23A8A00BEED0A /* Requestable.swift */ = {isa = PBXFileReference; lastKnownFileType = sourcecode.swift; path = Requestable.swift; sourceTree = "<group>"; };
		BC7420FB2CE23B9200BEED0A /* Request.swift */ = {isa = PBXFileReference; lastKnownFileType = sourcecode.swift; path = Request.swift; sourceTree = "<group>"; };
		BC7420FD2CE23FCC00BEED0A /* NetworkError.swift */ = {isa = PBXFileReference; lastKnownFileType = sourcecode.swift; path = NetworkError.swift; sourceTree = "<group>"; };
		BC9BF2002CECC52000AEE534 /* LoginViewController.swift */ = {isa = PBXFileReference; lastKnownFileType = sourcecode.swift; path = LoginViewController.swift; sourceTree = "<group>"; };
		BCC45D192CEB9A980045DC57 /* LoginTextField.swift */ = {isa = PBXFileReference; lastKnownFileType = sourcecode.swift; path = LoginTextField.swift; sourceTree = "<group>"; };
		BCE6E5F72CF31F1A0036BAF6 /* SignUpTextField.swift */ = {isa = PBXFileReference; lastKnownFileType = sourcecode.swift; path = SignUpTextField.swift; sourceTree = "<group>"; };
		BCE6E5F92CF320100036BAF6 /* SignUpLabel.swift */ = {isa = PBXFileReference; lastKnownFileType = sourcecode.swift; path = SignUpLabel.swift; sourceTree = "<group>"; };
		BCE6E5FB2CF321080036BAF6 /* SignUpFieldStackView.swift */ = {isa = PBXFileReference; lastKnownFileType = sourcecode.swift; path = SignUpFieldStackView.swift; sourceTree = "<group>"; };
/* End PBXFileReference section */

/* Begin PBXFileSystemSynchronizedRootGroup section */
		56537B8C2CE0F5110092A292 /* Popcorn-iOSTests */ = {
			isa = PBXFileSystemSynchronizedRootGroup;
			path = "Popcorn-iOSTests";
			sourceTree = "<group>";
		};
/* End PBXFileSystemSynchronizedRootGroup section */

/* Begin PBXFrameworksBuildPhase section */
		56537B702CE0F5100092A292 /* Frameworks */ = {
			isa = PBXFrameworksBuildPhase;
			buildActionMask = 2147483647;
			files = (
			);
			runOnlyForDeploymentPostprocessing = 0;
		};
		56537B862CE0F5110092A292 /* Frameworks */ = {
			isa = PBXFrameworksBuildPhase;
			buildActionMask = 2147483647;
			files = (
			);
			runOnlyForDeploymentPostprocessing = 0;
		};
/* End PBXFrameworksBuildPhase section */

/* Begin PBXGroup section */
		56537B6A2CE0F5100092A292 = {
			isa = PBXGroup;
			children = (
				56AA6C0B2CE373A7001952C2 /* .swiftlint.yml */,
				56537BB02CE0F5290092A292 /* Popcorn-iOS */,
				56537B8C2CE0F5110092A292 /* Popcorn-iOSTests */,
				56537B742CE0F5100092A292 /* Products */,
			);
			sourceTree = "<group>";
		};
		56537B742CE0F5100092A292 /* Products */ = {
			isa = PBXGroup;
			children = (
				56537B732CE0F5100092A292 /* Popcorn-iOS.app */,
				56537B892CE0F5110092A292 /* Popcorn-iOSTests.xctest */,
			);
			name = Products;
			sourceTree = "<group>";
		};
		56537BB02CE0F5290092A292 /* Popcorn-iOS */ = {
			isa = PBXGroup;
			children = (
				56537BB82CE0F52B0092A292 /* Source */,
				56537BB92CE0F5320092A292 /* Resource */,
			);
			path = "Popcorn-iOS";
			sourceTree = "<group>";
		};
		56537BB82CE0F52B0092A292 /* Source */ = {
			isa = PBXGroup;
			children = (
				56C5DDC92CE9AE1F0090D3A2 /* Domain */,
				56C5DDBD2CE87BA80090D3A2 /* Util */,
				56C5DDB72CE797FB0090D3A2 /* Presentation */,
				BC7420F12CE22CFE00BEED0A /* Network */,
				56537BBA2CE0F5370092A292 /* Application */,
			);
			path = Source;
			sourceTree = "<group>";
		};
		56537BB92CE0F5320092A292 /* Resource */ = {
			isa = PBXGroup;
			children = (
				56537BA92CE0F5290092A292 /* Info.plist */,
				56537BAB2CE0F5290092A292 /* LaunchScreen.storyboard */,
				56537BA82CE0F5290092A292 /* Assets.xcassets */,
			);
			path = Resource;
			sourceTree = "<group>";
		};
		56537BBA2CE0F5370092A292 /* Application */ = {
			isa = PBXGroup;
			children = (
				56537BAF2CE0F5290092A292 /* ViewController.swift */,
				56537BAE2CE0F5290092A292 /* SceneDelegate.swift */,
				56537BA72CE0F5290092A292 /* AppDelegate.swift */,
			);
			path = Application;
			sourceTree = "<group>";
		};
		56C5DDB72CE797FB0090D3A2 /* Presentation */ = {
			isa = PBXGroup;
			children = (
				BCE6E5F02CF31EBC0036BAF6 /* SignUp */,
				BCC45D162CEB9A790045DC57 /* Login */,
				56C5DDB82CE7989E0090D3A2 /* Main */,
			);
			path = Presentation;
			sourceTree = "<group>";
		};
		56C5DDB82CE7989E0090D3A2 /* Main */ = {
			isa = PBXGroup;
			children = (
				56C5DDC62CE99AC80090D3A2 /* Common */,
				56CD3A732CEB84D500BAC02D /* View */,
				56CD3A712CEB83CF00BAC02D /* ViewModel */,
			);
			path = Main;
			sourceTree = "<group>";
		};
		56C5DDBD2CE87BA80090D3A2 /* Util */ = {
			isa = PBXGroup;
			children = (
				56CD3A7E2CEC606600BAC02D /* Extensions */,
				56C5DDBE2CE87BE80090D3A2 /* Reusable.swift */,
			);
			path = Util;
			sourceTree = "<group>";
		};
		56C5DDC62CE99AC80090D3A2 /* Common */ = {
			isa = PBXGroup;
			children = (
				56C5DDCB2CE9B1D50090D3A2 /* View */,
			);
			path = Common;
			sourceTree = "<group>";
		};
		56C5DDC92CE9AE1F0090D3A2 /* Domain */ = {
			isa = PBXGroup;
			children = (
				56C5DDCA2CE9B1B70090D3A2 /* Model */,
			);
			path = Domain;
			sourceTree = "<group>";
		};
		56C5DDCA2CE9B1B70090D3A2 /* Model */ = {
			isa = PBXGroup;
			children = (
				56C5DDD32CE9C1B00090D3A2 /* Entities */,
			);
			path = Model;
			sourceTree = "<group>";
		};
		56C5DDCB2CE9B1D50090D3A2 /* View */ = {
			isa = PBXGroup;
			children = (
				56C5DDBB2CE875990090D3A2 /* MainCellPagingCollectionViewCell.swift */,
				56C5DDB92CE799780090D3A2 /* MainCellPagingImageView.swift */,
			);
			path = View;
			sourceTree = "<group>";
		};
		56C5DDD32CE9C1B00090D3A2 /* Entities */ = {
			isa = PBXGroup;
			children = (
				56C5DDD42CE9C1B60090D3A2 /* PopupPreview.swift */,
				56C5DDD82CE9C2700090D3A2 /* UserInterestPopup.swift */,
			);
			path = Entities;
			sourceTree = "<group>";
		};
		56CD3A712CEB83CF00BAC02D /* ViewModel */ = {
			isa = PBXGroup;
			children = (
				56CD3A702CEB83CF00BAC02D /* MainSceneViewModel.swift */,
			);
			path = ViewModel;
			sourceTree = "<group>";
		};
		56CD3A732CEB84D500BAC02D /* View */ = {
			isa = PBXGroup;
			children = (
				56018C9A2CEC9ACF00AC8ED5 /* MainCollectionHeaderView.swift */,
				56CD3A7A2CEB858100BAC02D /* PickOrInterestCell.swift */,
				5649A58F2CEC6F7600D9F4F5 /* ClosingSoonPopupCell.swift */,
				56018CA12CECB1C400AC8ED5 /* MainSceneViewController.swift */,
			);
			path = View;
			sourceTree = "<group>";
		};
		56CD3A7E2CEC606600BAC02D /* Extensions */ = {
			isa = PBXGroup;
			children = (
				56018CA32CECC3FA00AC8ED5 /* Date+.swift */,
				56CD3A7C2CEC314E00BAC02D /* UIView+.swift */,
			);
			path = Extensions;
			sourceTree = "<group>";
		};
		BC2D115E2CEC5DCA0030F4E0 /* LoginScene */ = {
			isa = PBXGroup;
			children = (
				BC2D11602CEC5DE30030F4E0 /* Controller */,
				BC2D115F2CEC5DDA0030F4E0 /* View */,
			);
			path = LoginScene;
			sourceTree = "<group>";
		};
		BC2D115F2CEC5DDA0030F4E0 /* View */ = {
			isa = PBXGroup;
			children = (
				BC2D11612CEC5DF60030F4E0 /* LoginView.swift */,
			);
			path = View;
			sourceTree = "<group>";
		};
		BC2D11602CEC5DE30030F4E0 /* Controller */ = {
			isa = PBXGroup;
			children = (
				BC9BF2002CECC52000AEE534 /* LoginViewController.swift */,
			);
			path = Controller;
			sourceTree = "<group>";
		};
		BC7420F12CE22CFE00BEED0A /* Network */ = {
			isa = PBXGroup;
			children = (
				BC7420FD2CE23FCC00BEED0A /* NetworkError.swift */,
				BC7420F22CE22D0F00BEED0A /* Request */,
			);
			path = Network;
			sourceTree = "<group>";
		};
		BC7420F22CE22D0F00BEED0A /* Request */ = {
			isa = PBXGroup;
			children = (
				BC7420FB2CE23B9200BEED0A /* Request.swift */,
				BC7420F92CE23A8A00BEED0A /* Requestable.swift */,
				BC7420F72CE2391400BEED0A /* HttpMethod.swift */,
			);
			path = Request;
			sourceTree = "<group>";
		};
		BCC45D162CEB9A790045DC57 /* Login */ = {
			isa = PBXGroup;
			children = (
				BC2D115E2CEC5DCA0030F4E0 /* LoginScene */,
				BCC45D172CEB9A800045DC57 /* Common */,
			);
			path = Login;
			sourceTree = "<group>";
		};
		BCC45D172CEB9A800045DC57 /* Common */ = {
			isa = PBXGroup;
			children = (
				BCC45D182CEB9A870045DC57 /* View */,
			);
			path = Common;
			sourceTree = "<group>";
		};
		BCC45D182CEB9A870045DC57 /* View */ = {
			isa = PBXGroup;
			children = (
				BCC45D192CEB9A980045DC57 /* LoginTextField.swift */,
			);
			path = View;
			sourceTree = "<group>";
		};
		BCE6E5F02CF31EBC0036BAF6 /* SignUp */ = {
			isa = PBXGroup;
			children = (
				BCE6E5F12CF31ECF0036BAF6 /* Common */,
			);
			path = SignUp;
			sourceTree = "<group>";
		};
		BCE6E5F12CF31ECF0036BAF6 /* Common */ = {
			isa = PBXGroup;
			children = (
				BCE6E5F52CF31EFA0036BAF6 /* View */,
			);
			path = Common;
			sourceTree = "<group>";
		};
		BCE6E5F52CF31EFA0036BAF6 /* View */ = {
			isa = PBXGroup;
			children = (
				BCE6E5F72CF31F1A0036BAF6 /* SignUpTextField.swift */,
				BCE6E5F92CF320100036BAF6 /* SignUpLabel.swift */,
				BCE6E5FB2CF321080036BAF6 /* SignUpFieldStackView.swift */,
			);
			path = View;
			sourceTree = "<group>";
		};
/* End PBXGroup section */

/* Begin PBXNativeTarget section */
		56537B722CE0F5100092A292 /* Popcorn-iOS */ = {
			isa = PBXNativeTarget;
			buildConfigurationList = 56537B9C2CE0F5110092A292 /* Build configuration list for PBXNativeTarget "Popcorn-iOS" */;
			buildPhases = (
				56537B6F2CE0F5100092A292 /* Sources */,
				56AA6C0A2CE36F2C001952C2 /* SwiftLint Script */,
				56537B702CE0F5100092A292 /* Frameworks */,
				56537B712CE0F5100092A292 /* Resources */,
			);
			buildRules = (
			);
			dependencies = (
			);
			name = "Popcorn-iOS";
			packageProductDependencies = (
			);
			productName = "Popcorn-iOS";
			productReference = 56537B732CE0F5100092A292 /* Popcorn-iOS.app */;
			productType = "com.apple.product-type.application";
		};
		56537B882CE0F5110092A292 /* Popcorn-iOSTests */ = {
			isa = PBXNativeTarget;
			buildConfigurationList = 56537BA12CE0F5110092A292 /* Build configuration list for PBXNativeTarget "Popcorn-iOSTests" */;
			buildPhases = (
				56537B852CE0F5110092A292 /* Sources */,
				56537B862CE0F5110092A292 /* Frameworks */,
				56537B872CE0F5110092A292 /* Resources */,
			);
			buildRules = (
			);
			dependencies = (
				56537B8B2CE0F5110092A292 /* PBXTargetDependency */,
			);
			fileSystemSynchronizedGroups = (
				56537B8C2CE0F5110092A292 /* Popcorn-iOSTests */,
			);
			name = "Popcorn-iOSTests";
			packageProductDependencies = (
			);
			productName = "Popcorn-iOSTests";
			productReference = 56537B892CE0F5110092A292 /* Popcorn-iOSTests.xctest */;
			productType = "com.apple.product-type.bundle.unit-test";
		};
/* End PBXNativeTarget section */

/* Begin PBXProject section */
		56537B6B2CE0F5100092A292 /* Project object */ = {
			isa = PBXProject;
			attributes = {
				BuildIndependentTargetsInParallel = 1;
				LastSwiftUpdateCheck = 1610;
				LastUpgradeCheck = 1610;
				TargetAttributes = {
					56537B722CE0F5100092A292 = {
						CreatedOnToolsVersion = 16.1;
					};
					56537B882CE0F5110092A292 = {
						CreatedOnToolsVersion = 16.1;
						TestTargetID = 56537B722CE0F5100092A292;
					};
				};
			};
			buildConfigurationList = 56537B6E2CE0F5100092A292 /* Build configuration list for PBXProject "Popcorn-iOS" */;
			developmentRegion = en;
			hasScannedForEncodings = 0;
			knownRegions = (
				en,
				Base,
			);
			mainGroup = 56537B6A2CE0F5100092A292;
			minimizedProjectReferenceProxies = 1;
			packageReferences = (
				56AA6C032CE36EA8001952C2 /* XCRemoteSwiftPackageReference "SwiftLintPlugins" */,
			);
			preferredProjectObjectVersion = 77;
			productRefGroup = 56537B742CE0F5100092A292 /* Products */;
			projectDirPath = "";
			projectRoot = "";
			targets = (
				56537B722CE0F5100092A292 /* Popcorn-iOS */,
				56537B882CE0F5110092A292 /* Popcorn-iOSTests */,
			);
		};
/* End PBXProject section */

/* Begin PBXResourcesBuildPhase section */
		56537B712CE0F5100092A292 /* Resources */ = {
			isa = PBXResourcesBuildPhase;
			buildActionMask = 2147483647;
			files = (
				56AA6C0C2CE373A7001952C2 /* .swiftlint.yml in Resources */,
				56537BB12CE0F5290092A292 /* Assets.xcassets in Resources */,
				56537BB32CE0F5290092A292 /* LaunchScreen.storyboard in Resources */,
			);
			runOnlyForDeploymentPostprocessing = 0;
		};
		56537B872CE0F5110092A292 /* Resources */ = {
			isa = PBXResourcesBuildPhase;
			buildActionMask = 2147483647;
			files = (
			);
			runOnlyForDeploymentPostprocessing = 0;
		};
/* End PBXResourcesBuildPhase section */

/* Begin PBXShellScriptBuildPhase section */
		56AA6C0A2CE36F2C001952C2 /* SwiftLint Script */ = {
			isa = PBXShellScriptBuildPhase;
			alwaysOutOfDate = 1;
			buildActionMask = 2147483647;
			files = (
			);
			inputFileListPaths = (
			);
			inputPaths = (
			);
			name = "SwiftLint Script";
			outputFileListPaths = (
			);
			outputPaths = (
			);
			runOnlyForDeploymentPostprocessing = 0;
			shellPath = /bin/sh;
			shellScript = "if [[ \"$(uname -m)\" == arm64 ]]; then\n    export PATH=\"/opt/homebrew/bin:$PATH\"\nfi\n\nif which swiftlint > /dev/null; then\n  swiftlint\nelse\n  echo \"warning: SwiftLint not installed, download from https://github.com/realm/SwiftLint\"\nfi\n";
		};
/* End PBXShellScriptBuildPhase section */

/* Begin PBXSourcesBuildPhase section */
		56537B6F2CE0F5100092A292 /* Sources */ = {
			isa = PBXSourcesBuildPhase;
			buildActionMask = 2147483647;
			files = (
				56018CA42CECC41000AC8ED5 /* Date+.swift in Sources */,
				56CD3A7B2CEB858100BAC02D /* PickOrInterestCell.swift in Sources */,
				BC9BF2012CECC52000AEE534 /* LoginViewController.swift in Sources */,
				BC7420FA2CE23A9500BEED0A /* Requestable.swift in Sources */,
				56C5DDBA2CE79AC90090D3A2 /* MainCellPagingImageView.swift in Sources */,
				BC7420FE2CE23FD700BEED0A /* NetworkError.swift in Sources */,
				BCE6E5FC2CF321080036BAF6 /* SignUpFieldStackView.swift in Sources */,
				56C5DDD52CE9C1E40090D3A2 /* PopupPreview.swift in Sources */,
				56018CA22CECB1C400AC8ED5 /* MainSceneViewController.swift in Sources */,
				BCE6E5F82CF31F1A0036BAF6 /* SignUpTextField.swift in Sources */,
				56C5DDD92CE9C2780090D3A2 /* UserInterestPopup.swift in Sources */,
				BCE6E5FA2CF320100036BAF6 /* SignUpLabel.swift in Sources */,
				56C5DDBC2CE875990090D3A2 /* MainCellPagingCollectionViewCell.swift in Sources */,
				56C5DDBF2CE87C0E0090D3A2 /* Reusable.swift in Sources */,
				56CD3A722CEB83CF00BAC02D /* MainSceneViewModel.swift in Sources */,
				BC7420FC2CE23B9600BEED0A /* Request.swift in Sources */,
				BC7420F82CE2395600BEED0A /* HttpMethod.swift in Sources */,
				56537BB52CE0F5290092A292 /* AppDelegate.swift in Sources */,
				56018C9B2CEC9AE000AC8ED5 /* MainCollectionHeaderView.swift in Sources */,
				56CD3A7D2CEC31B000BAC02D /* UIView+.swift in Sources */,
				5649A5902CEC6F7600D9F4F5 /* ClosingSoonPopupCell.swift in Sources */,
				BCC45D1A2CEB9A980045DC57 /* LoginTextField.swift in Sources */,
				BC2D11622CEC5DF60030F4E0 /* LoginView.swift in Sources */,
				56537BB62CE0F5290092A292 /* SceneDelegate.swift in Sources */,
				56537BB72CE0F5290092A292 /* ViewController.swift in Sources */,
			);
			runOnlyForDeploymentPostprocessing = 0;
		};
		56537B852CE0F5110092A292 /* Sources */ = {
			isa = PBXSourcesBuildPhase;
			buildActionMask = 2147483647;
			files = (
			);
			runOnlyForDeploymentPostprocessing = 0;
		};
/* End PBXSourcesBuildPhase section */

/* Begin PBXTargetDependency section */
		56537B8B2CE0F5110092A292 /* PBXTargetDependency */ = {
			isa = PBXTargetDependency;
			target = 56537B722CE0F5100092A292 /* Popcorn-iOS */;
			targetProxy = 56537B8A2CE0F5110092A292 /* PBXContainerItemProxy */;
		};
/* End PBXTargetDependency section */

/* Begin PBXVariantGroup section */
		56537BAB2CE0F5290092A292 /* LaunchScreen.storyboard */ = {
			isa = PBXVariantGroup;
			children = (
				56537BAA2CE0F5290092A292 /* Base */,
			);
			name = LaunchScreen.storyboard;
			sourceTree = "<group>";
		};
/* End PBXVariantGroup section */

/* Begin XCBuildConfiguration section */
		56537B9D2CE0F5110092A292 /* Debug */ = {
			isa = XCBuildConfiguration;
			buildSettings = {
				ASSETCATALOG_COMPILER_APPICON_NAME = AppIcon;
				ASSETCATALOG_COMPILER_GLOBAL_ACCENT_COLOR_NAME = AccentColor;
				CODE_SIGN_STYLE = Automatic;
				CURRENT_PROJECT_VERSION = 1;
				DEVELOPMENT_TEAM = 4UKSP7K2F4;
				ENABLE_USER_SCRIPT_SANDBOXING = NO;
				GENERATE_INFOPLIST_FILE = YES;
				INFOPLIST_FILE = "Popcorn-iOS/Resource/Info.plist";
				INFOPLIST_KEY_UIApplicationSupportsIndirectInputEvents = YES;
				INFOPLIST_KEY_UILaunchStoryboardName = LaunchScreen;
				INFOPLIST_KEY_UISupportedInterfaceOrientations_iPad = "UIInterfaceOrientationPortrait UIInterfaceOrientationPortraitUpsideDown UIInterfaceOrientationLandscapeLeft UIInterfaceOrientationLandscapeRight";
				INFOPLIST_KEY_UISupportedInterfaceOrientations_iPhone = "UIInterfaceOrientationPortrait UIInterfaceOrientationLandscapeLeft UIInterfaceOrientationLandscapeRight";
				IPHONEOS_DEPLOYMENT_TARGET = 16.6;
				LD_RUNPATH_SEARCH_PATHS = (
					"$(inherited)",
					"@executable_path/Frameworks",
				);
				MARKETING_VERSION = 1.0;
				PRODUCT_BUNDLE_IDENTIFIER = "Popcorn.Popcorn-iOS";
				PRODUCT_NAME = "$(TARGET_NAME)";
				SWIFT_EMIT_LOC_STRINGS = YES;
				SWIFT_VERSION = 5.0;
				TARGETED_DEVICE_FAMILY = "1,2";
			};
			name = Debug;
		};
		56537B9E2CE0F5110092A292 /* Release */ = {
			isa = XCBuildConfiguration;
			buildSettings = {
				ASSETCATALOG_COMPILER_APPICON_NAME = AppIcon;
				ASSETCATALOG_COMPILER_GLOBAL_ACCENT_COLOR_NAME = AccentColor;
				CODE_SIGN_STYLE = Automatic;
				CURRENT_PROJECT_VERSION = 1;
				DEVELOPMENT_TEAM = 4UKSP7K2F4;
				ENABLE_USER_SCRIPT_SANDBOXING = NO;
				GENERATE_INFOPLIST_FILE = YES;
				INFOPLIST_FILE = "Popcorn-iOS/Resource/Info.plist";
				INFOPLIST_KEY_UIApplicationSupportsIndirectInputEvents = YES;
				INFOPLIST_KEY_UILaunchStoryboardName = LaunchScreen;
				INFOPLIST_KEY_UISupportedInterfaceOrientations_iPad = "UIInterfaceOrientationPortrait UIInterfaceOrientationPortraitUpsideDown UIInterfaceOrientationLandscapeLeft UIInterfaceOrientationLandscapeRight";
				INFOPLIST_KEY_UISupportedInterfaceOrientations_iPhone = "UIInterfaceOrientationPortrait UIInterfaceOrientationLandscapeLeft UIInterfaceOrientationLandscapeRight";
				IPHONEOS_DEPLOYMENT_TARGET = 16.6;
				LD_RUNPATH_SEARCH_PATHS = (
					"$(inherited)",
					"@executable_path/Frameworks",
				);
				MARKETING_VERSION = 1.0;
				PRODUCT_BUNDLE_IDENTIFIER = "Popcorn.Popcorn-iOS";
				PRODUCT_NAME = "$(TARGET_NAME)";
				SWIFT_EMIT_LOC_STRINGS = YES;
				SWIFT_VERSION = 5.0;
				TARGETED_DEVICE_FAMILY = "1,2";
			};
			name = Release;
		};
		56537B9F2CE0F5110092A292 /* Debug */ = {
			isa = XCBuildConfiguration;
			buildSettings = {
				ALWAYS_SEARCH_USER_PATHS = NO;
				ASSETCATALOG_COMPILER_GENERATE_SWIFT_ASSET_SYMBOL_EXTENSIONS = YES;
				CLANG_ANALYZER_NONNULL = YES;
				CLANG_ANALYZER_NUMBER_OBJECT_CONVERSION = YES_AGGRESSIVE;
				CLANG_CXX_LANGUAGE_STANDARD = "gnu++20";
				CLANG_ENABLE_MODULES = YES;
				CLANG_ENABLE_OBJC_ARC = YES;
				CLANG_ENABLE_OBJC_WEAK = YES;
				CLANG_WARN_BLOCK_CAPTURE_AUTORELEASING = YES;
				CLANG_WARN_BOOL_CONVERSION = YES;
				CLANG_WARN_COMMA = YES;
				CLANG_WARN_CONSTANT_CONVERSION = YES;
				CLANG_WARN_DEPRECATED_OBJC_IMPLEMENTATIONS = YES;
				CLANG_WARN_DIRECT_OBJC_ISA_USAGE = YES_ERROR;
				CLANG_WARN_DOCUMENTATION_COMMENTS = YES;
				CLANG_WARN_EMPTY_BODY = YES;
				CLANG_WARN_ENUM_CONVERSION = YES;
				CLANG_WARN_INFINITE_RECURSION = YES;
				CLANG_WARN_INT_CONVERSION = YES;
				CLANG_WARN_NON_LITERAL_NULL_CONVERSION = YES;
				CLANG_WARN_OBJC_IMPLICIT_RETAIN_SELF = YES;
				CLANG_WARN_OBJC_LITERAL_CONVERSION = YES;
				CLANG_WARN_OBJC_ROOT_CLASS = YES_ERROR;
				CLANG_WARN_QUOTED_INCLUDE_IN_FRAMEWORK_HEADER = YES;
				CLANG_WARN_RANGE_LOOP_ANALYSIS = YES;
				CLANG_WARN_STRICT_PROTOTYPES = YES;
				CLANG_WARN_SUSPICIOUS_MOVE = YES;
				CLANG_WARN_UNGUARDED_AVAILABILITY = YES_AGGRESSIVE;
				CLANG_WARN_UNREACHABLE_CODE = YES;
				CLANG_WARN__DUPLICATE_METHOD_MATCH = YES;
				COPY_PHASE_STRIP = NO;
				DEBUG_INFORMATION_FORMAT = dwarf;
				ENABLE_STRICT_OBJC_MSGSEND = YES;
				ENABLE_TESTABILITY = YES;
				ENABLE_USER_SCRIPT_SANDBOXING = YES;
				GCC_C_LANGUAGE_STANDARD = gnu17;
				GCC_DYNAMIC_NO_PIC = NO;
				GCC_NO_COMMON_BLOCKS = YES;
				GCC_OPTIMIZATION_LEVEL = 0;
				GCC_PREPROCESSOR_DEFINITIONS = (
					"DEBUG=1",
					"$(inherited)",
				);
				GCC_WARN_64_TO_32_BIT_CONVERSION = YES;
				GCC_WARN_ABOUT_RETURN_TYPE = YES_ERROR;
				GCC_WARN_UNDECLARED_SELECTOR = YES;
				GCC_WARN_UNINITIALIZED_AUTOS = YES_AGGRESSIVE;
				GCC_WARN_UNUSED_FUNCTION = YES;
				GCC_WARN_UNUSED_VARIABLE = YES;
				IPHONEOS_DEPLOYMENT_TARGET = 18.1;
				LOCALIZATION_PREFERS_STRING_CATALOGS = YES;
				MTL_ENABLE_DEBUG_INFO = INCLUDE_SOURCE;
				MTL_FAST_MATH = YES;
				ONLY_ACTIVE_ARCH = YES;
				SDKROOT = iphoneos;
				SWIFT_ACTIVE_COMPILATION_CONDITIONS = "DEBUG $(inherited)";
				SWIFT_OPTIMIZATION_LEVEL = "-Onone";
			};
			name = Debug;
		};
		56537BA02CE0F5110092A292 /* Release */ = {
			isa = XCBuildConfiguration;
			buildSettings = {
				ALWAYS_SEARCH_USER_PATHS = NO;
				ASSETCATALOG_COMPILER_GENERATE_SWIFT_ASSET_SYMBOL_EXTENSIONS = YES;
				CLANG_ANALYZER_NONNULL = YES;
				CLANG_ANALYZER_NUMBER_OBJECT_CONVERSION = YES_AGGRESSIVE;
				CLANG_CXX_LANGUAGE_STANDARD = "gnu++20";
				CLANG_ENABLE_MODULES = YES;
				CLANG_ENABLE_OBJC_ARC = YES;
				CLANG_ENABLE_OBJC_WEAK = YES;
				CLANG_WARN_BLOCK_CAPTURE_AUTORELEASING = YES;
				CLANG_WARN_BOOL_CONVERSION = YES;
				CLANG_WARN_COMMA = YES;
				CLANG_WARN_CONSTANT_CONVERSION = YES;
				CLANG_WARN_DEPRECATED_OBJC_IMPLEMENTATIONS = YES;
				CLANG_WARN_DIRECT_OBJC_ISA_USAGE = YES_ERROR;
				CLANG_WARN_DOCUMENTATION_COMMENTS = YES;
				CLANG_WARN_EMPTY_BODY = YES;
				CLANG_WARN_ENUM_CONVERSION = YES;
				CLANG_WARN_INFINITE_RECURSION = YES;
				CLANG_WARN_INT_CONVERSION = YES;
				CLANG_WARN_NON_LITERAL_NULL_CONVERSION = YES;
				CLANG_WARN_OBJC_IMPLICIT_RETAIN_SELF = YES;
				CLANG_WARN_OBJC_LITERAL_CONVERSION = YES;
				CLANG_WARN_OBJC_ROOT_CLASS = YES_ERROR;
				CLANG_WARN_QUOTED_INCLUDE_IN_FRAMEWORK_HEADER = YES;
				CLANG_WARN_RANGE_LOOP_ANALYSIS = YES;
				CLANG_WARN_STRICT_PROTOTYPES = YES;
				CLANG_WARN_SUSPICIOUS_MOVE = YES;
				CLANG_WARN_UNGUARDED_AVAILABILITY = YES_AGGRESSIVE;
				CLANG_WARN_UNREACHABLE_CODE = YES;
				CLANG_WARN__DUPLICATE_METHOD_MATCH = YES;
				COPY_PHASE_STRIP = NO;
				DEBUG_INFORMATION_FORMAT = "dwarf-with-dsym";
				ENABLE_NS_ASSERTIONS = NO;
				ENABLE_STRICT_OBJC_MSGSEND = YES;
				ENABLE_USER_SCRIPT_SANDBOXING = YES;
				GCC_C_LANGUAGE_STANDARD = gnu17;
				GCC_NO_COMMON_BLOCKS = YES;
				GCC_WARN_64_TO_32_BIT_CONVERSION = YES;
				GCC_WARN_ABOUT_RETURN_TYPE = YES_ERROR;
				GCC_WARN_UNDECLARED_SELECTOR = YES;
				GCC_WARN_UNINITIALIZED_AUTOS = YES_AGGRESSIVE;
				GCC_WARN_UNUSED_FUNCTION = YES;
				GCC_WARN_UNUSED_VARIABLE = YES;
				IPHONEOS_DEPLOYMENT_TARGET = 18.1;
				LOCALIZATION_PREFERS_STRING_CATALOGS = YES;
				MTL_ENABLE_DEBUG_INFO = NO;
				MTL_FAST_MATH = YES;
				SDKROOT = iphoneos;
				SWIFT_COMPILATION_MODE = wholemodule;
				VALIDATE_PRODUCT = YES;
			};
			name = Release;
		};
		56537BA22CE0F5110092A292 /* Debug */ = {
			isa = XCBuildConfiguration;
			buildSettings = {
				BUNDLE_LOADER = "$(TEST_HOST)";
				CODE_SIGN_STYLE = Automatic;
				CURRENT_PROJECT_VERSION = 1;
				DEVELOPMENT_TEAM = 5JD4YAFH7N;
				GENERATE_INFOPLIST_FILE = YES;
				IPHONEOS_DEPLOYMENT_TARGET = 18.1;
				MARKETING_VERSION = 1.0;
				PRODUCT_BUNDLE_IDENTIFIER = "Popcorn.Popcorn-iOSTests";
				PRODUCT_NAME = "$(TARGET_NAME)";
				SWIFT_EMIT_LOC_STRINGS = NO;
				SWIFT_VERSION = 5.0;
				TARGETED_DEVICE_FAMILY = "1,2";
				TEST_HOST = "$(BUILT_PRODUCTS_DIR)/Popcorn-iOS.app/$(BUNDLE_EXECUTABLE_FOLDER_PATH)/Popcorn-iOS";
			};
			name = Debug;
		};
		56537BA32CE0F5110092A292 /* Release */ = {
			isa = XCBuildConfiguration;
			buildSettings = {
				BUNDLE_LOADER = "$(TEST_HOST)";
				CODE_SIGN_STYLE = Automatic;
				CURRENT_PROJECT_VERSION = 1;
				DEVELOPMENT_TEAM = 5JD4YAFH7N;
				GENERATE_INFOPLIST_FILE = YES;
				IPHONEOS_DEPLOYMENT_TARGET = 18.1;
				MARKETING_VERSION = 1.0;
				PRODUCT_BUNDLE_IDENTIFIER = "Popcorn.Popcorn-iOSTests";
				PRODUCT_NAME = "$(TARGET_NAME)";
				SWIFT_EMIT_LOC_STRINGS = NO;
				SWIFT_VERSION = 5.0;
				TARGETED_DEVICE_FAMILY = "1,2";
				TEST_HOST = "$(BUILT_PRODUCTS_DIR)/Popcorn-iOS.app/$(BUNDLE_EXECUTABLE_FOLDER_PATH)/Popcorn-iOS";
			};
			name = Release;
		};
/* End XCBuildConfiguration section */

/* Begin XCConfigurationList section */
		56537B6E2CE0F5100092A292 /* Build configuration list for PBXProject "Popcorn-iOS" */ = {
			isa = XCConfigurationList;
			buildConfigurations = (
				56537B9F2CE0F5110092A292 /* Debug */,
				56537BA02CE0F5110092A292 /* Release */,
			);
			defaultConfigurationIsVisible = 0;
			defaultConfigurationName = Release;
		};
		56537B9C2CE0F5110092A292 /* Build configuration list for PBXNativeTarget "Popcorn-iOS" */ = {
			isa = XCConfigurationList;
			buildConfigurations = (
				56537B9D2CE0F5110092A292 /* Debug */,
				56537B9E2CE0F5110092A292 /* Release */,
			);
			defaultConfigurationIsVisible = 0;
			defaultConfigurationName = Release;
		};
		56537BA12CE0F5110092A292 /* Build configuration list for PBXNativeTarget "Popcorn-iOSTests" */ = {
			isa = XCConfigurationList;
			buildConfigurations = (
				56537BA22CE0F5110092A292 /* Debug */,
				56537BA32CE0F5110092A292 /* Release */,
			);
			defaultConfigurationIsVisible = 0;
			defaultConfigurationName = Release;
		};
/* End XCConfigurationList section */

/* Begin XCRemoteSwiftPackageReference section */
		56AA6C032CE36EA8001952C2 /* XCRemoteSwiftPackageReference "SwiftLintPlugins" */ = {
			isa = XCRemoteSwiftPackageReference;
			repositoryURL = "https://github.com/SimplyDanny/SwiftLintPlugins";
			requirement = {
				kind = upToNextMajorVersion;
				minimumVersion = 0.57.0;
			};
		};
/* End XCRemoteSwiftPackageReference section */
	};
	rootObject = 56537B6B2CE0F5100092A292 /* Project object */;
}
